// !$*UTF8*$!
{
	archiveVersion = 1;
	classes = {
	};
	objectVersion = 46;
	objects = {

/* Begin PBXBuildFile section */
		0EA38FE4F30BC8299F662E46 /* libPods.a in Frameworks */ = {isa = PBXBuildFile; fileRef = 66FE1D9386EEEE1D56C655E3 /* libPods.a */; };
		6DDF14D519F35F5D00888DCD /* CallScreenViewController.m in Sources */ = {isa = PBXBuildFile; fileRef = 6DDF14D419F35F5D00888DCD /* CallScreenViewController.m */; };
		6DDF14D819F35F6A00888DCD /* LoginViewController.m in Sources */ = {isa = PBXBuildFile; fileRef = 6DDF14D719F35F6A00888DCD /* LoginViewController.m */; };
		9C320C3019F39FC4002C9003 /* App Icon.png in Resources */ = {isa = PBXBuildFile; fileRef = 9C320C2F19F39FC4002C9003 /* App Icon.png */; };
		9C6F559319F2F7F600EC5397 /* main.m in Sources */ = {isa = PBXBuildFile; fileRef = 9C6F559219F2F7F600EC5397 /* main.m */; };
		9C6F559619F2F7F600EC5397 /* AppDelegate.m in Sources */ = {isa = PBXBuildFile; fileRef = 9C6F559519F2F7F600EC5397 /* AppDelegate.m */; };
		9C6F559919F2F7F600EC5397 /* ViewController.m in Sources */ = {isa = PBXBuildFile; fileRef = 9C6F559819F2F7F600EC5397 /* ViewController.m */; };
		9C6F559C19F2F7F600EC5397 /* Main.storyboard in Resources */ = {isa = PBXBuildFile; fileRef = 9C6F559A19F2F7F600EC5397 /* Main.storyboard */; };
		9C6F559E19F2F7F600EC5397 /* Images.xcassets in Resources */ = {isa = PBXBuildFile; fileRef = 9C6F559D19F2F7F600EC5397 /* Images.xcassets */; };
		9C6F55A119F2F7F600EC5397 /* LaunchScreen.xib in Resources */ = {isa = PBXBuildFile; fileRef = 9C6F559F19F2F7F600EC5397 /* LaunchScreen.xib */; };
		9C6F55AD19F2F7F700EC5397 /* PurpleTests.m in Sources */ = {isa = PBXBuildFile; fileRef = 9C6F55AC19F2F7F700EC5397 /* PurpleTests.m */; };
		9C6F55ED19F310CA00EC5397 /* LoadingVC.m in Sources */ = {isa = PBXBuildFile; fileRef = 9C6F55EC19F310CA00EC5397 /* LoadingVC.m */; };
		9C6F55F019F3111800EC5397 /* TalkingVC.m in Sources */ = {isa = PBXBuildFile; fileRef = 9C6F55EF19F3111800EC5397 /* TalkingVC.m */; };
		9C6F55F219F32E4B00EC5397 /* picasion.com_eb8093563732c35145a5dfd6739af5e6.gif in Resources */ = {isa = PBXBuildFile; fileRef = 9C6F55F119F32E4B00EC5397 /* picasion.com_eb8093563732c35145a5dfd6739af5e6.gif */; };
		9CAB4E2619F383C900F14B35 /* (null) in Sources */ = {isa = PBXBuildFile; };
/* End PBXBuildFile section */

/* Begin PBXContainerItemProxy section */
		9C6F55A719F2F7F700EC5397 /* PBXContainerItemProxy */ = {
			isa = PBXContainerItemProxy;
			containerPortal = 9C6F558519F2F7F600EC5397 /* Project object */;
			proxyType = 1;
			remoteGlobalIDString = 9C6F558C19F2F7F600EC5397;
			remoteInfo = Purple;
		};
/* End PBXContainerItemProxy section */

/* Begin PBXFileReference section */
		2D567733709837B8402A3632 /* Pods.release.xcconfig */ = {isa = PBXFileReference; includeInIndex = 1; lastKnownFileType = text.xcconfig; name = Pods.release.xcconfig; path = "Pods/Target Support Files/Pods/Pods.release.xcconfig"; sourceTree = "<group>"; };
		66FE1D9386EEEE1D56C655E3 /* libPods.a */ = {isa = PBXFileReference; explicitFileType = archive.ar; includeInIndex = 0; path = libPods.a; sourceTree = BUILT_PRODUCTS_DIR; };
		6DDF14D319F35F5D00888DCD /* CallScreenViewController.h */ = {isa = PBXFileReference; fileEncoding = 4; lastKnownFileType = sourcecode.c.h; path = CallScreenViewController.h; sourceTree = "<group>"; };
		6DDF14D419F35F5D00888DCD /* CallScreenViewController.m */ = {isa = PBXFileReference; fileEncoding = 4; lastKnownFileType = sourcecode.c.objc; path = CallScreenViewController.m; sourceTree = "<group>"; };
		6DDF14D619F35F6A00888DCD /* LoginViewController.h */ = {isa = PBXFileReference; fileEncoding = 4; lastKnownFileType = sourcecode.c.h; path = LoginViewController.h; sourceTree = "<group>"; };
		6DDF14D719F35F6A00888DCD /* LoginViewController.m */ = {isa = PBXFileReference; fileEncoding = 4; lastKnownFileType = sourcecode.c.objc; path = LoginViewController.m; sourceTree = "<group>"; };
		98865B3252F99C7C8EA0AA30 /* Pods.debug.xcconfig */ = {isa = PBXFileReference; includeInIndex = 1; lastKnownFileType = text.xcconfig; name = Pods.debug.xcconfig; path = "Pods/Target Support Files/Pods/Pods.debug.xcconfig"; sourceTree = "<group>"; };
		9C320C2F19F39FC4002C9003 /* App Icon.png */ = {isa = PBXFileReference; lastKnownFileType = image.png; path = "App Icon.png"; sourceTree = "<group>"; };
		9C670B1719F3457700F87352 /* TestVC.h */ = {isa = PBXFileReference; fileEncoding = 4; lastKnownFileType = sourcecode.c.h; name = TestVC.h; path = VCs/TestVC.h; sourceTree = "<group>"; };
		9C670B1819F3457700F87352 /* TestVC.m */ = {isa = PBXFileReference; fileEncoding = 4; lastKnownFileType = sourcecode.c.objc; name = TestVC.m; path = VCs/TestVC.m; sourceTree = "<group>"; };
		9C670B1A19F3470600F87352 /* Test2VC.h */ = {isa = PBXFileReference; fileEncoding = 4; lastKnownFileType = sourcecode.c.h; name = Test2VC.h; path = VCs/Test2VC.h; sourceTree = "<group>"; };
		9C670B1B19F3470600F87352 /* Test2VC.m */ = {isa = PBXFileReference; fileEncoding = 4; lastKnownFileType = sourcecode.c.objc; name = Test2VC.m; path = VCs/Test2VC.m; sourceTree = "<group>"; };
		9C670B1D19F36AC600F87352 /* Parlay.png */ = {isa = PBXFileReference; lastKnownFileType = image.png; path = Parlay.png; sourceTree = "<group>"; };
		9C6F558D19F2F7F600EC5397 /* Purple.app */ = {isa = PBXFileReference; explicitFileType = wrapper.application; includeInIndex = 0; path = Purple.app; sourceTree = BUILT_PRODUCTS_DIR; };
		9C6F559119F2F7F600EC5397 /* Info.plist */ = {isa = PBXFileReference; lastKnownFileType = text.plist.xml; path = Info.plist; sourceTree = "<group>"; };
		9C6F559219F2F7F600EC5397 /* main.m */ = {isa = PBXFileReference; lastKnownFileType = sourcecode.c.objc; path = main.m; sourceTree = "<group>"; };
		9C6F559419F2F7F600EC5397 /* AppDelegate.h */ = {isa = PBXFileReference; lastKnownFileType = sourcecode.c.h; path = AppDelegate.h; sourceTree = "<group>"; };
		9C6F559519F2F7F600EC5397 /* AppDelegate.m */ = {isa = PBXFileReference; lastKnownFileType = sourcecode.c.objc; path = AppDelegate.m; sourceTree = "<group>"; };
		9C6F559719F2F7F600EC5397 /* ViewController.h */ = {isa = PBXFileReference; lastKnownFileType = sourcecode.c.h; path = ViewController.h; sourceTree = "<group>"; };
		9C6F559819F2F7F600EC5397 /* ViewController.m */ = {isa = PBXFileReference; lastKnownFileType = sourcecode.c.objc; path = ViewController.m; sourceTree = "<group>"; };
		9C6F559B19F2F7F600EC5397 /* Base */ = {isa = PBXFileReference; lastKnownFileType = file.storyboard; name = Base; path = Base.lproj/Main.storyboard; sourceTree = "<group>"; };
		9C6F559D19F2F7F600EC5397 /* Images.xcassets */ = {isa = PBXFileReference; lastKnownFileType = folder.assetcatalog; path = Images.xcassets; sourceTree = "<group>"; };
		9C6F55A019F2F7F600EC5397 /* Base */ = {isa = PBXFileReference; lastKnownFileType = file.xib; name = Base; path = Base.lproj/LaunchScreen.xib; sourceTree = "<group>"; };
		9C6F55A619F2F7F700EC5397 /* PurpleTests.xctest */ = {isa = PBXFileReference; explicitFileType = wrapper.cfbundle; includeInIndex = 0; path = PurpleTests.xctest; sourceTree = BUILT_PRODUCTS_DIR; };
		9C6F55AB19F2F7F700EC5397 /* Info.plist */ = {isa = PBXFileReference; lastKnownFileType = text.plist.xml; path = Info.plist; sourceTree = "<group>"; };
		9C6F55AC19F2F7F700EC5397 /* PurpleTests.m */ = {isa = PBXFileReference; lastKnownFileType = sourcecode.c.objc; path = PurpleTests.m; sourceTree = "<group>"; };
		9C6F55EB19F310CA00EC5397 /* LoadingVC.h */ = {isa = PBXFileReference; fileEncoding = 4; lastKnownFileType = sourcecode.c.h; name = LoadingVC.h; path = VCs/LoadingVC.h; sourceTree = "<group>"; };
		9C6F55EC19F310CA00EC5397 /* LoadingVC.m */ = {isa = PBXFileReference; fileEncoding = 4; lastKnownFileType = sourcecode.c.objc; name = LoadingVC.m; path = VCs/LoadingVC.m; sourceTree = "<group>"; };
		9C6F55EE19F3111800EC5397 /* TalkingVC.h */ = {isa = PBXFileReference; fileEncoding = 4; lastKnownFileType = sourcecode.c.h; name = TalkingVC.h; path = VCs/TalkingVC.h; sourceTree = "<group>"; };
		9C6F55EF19F3111800EC5397 /* TalkingVC.m */ = {isa = PBXFileReference; fileEncoding = 4; lastKnownFileType = sourcecode.c.objc; name = TalkingVC.m; path = VCs/TalkingVC.m; sourceTree = "<group>"; };
		9C6F55F119F32E4B00EC5397 /* picasion.com_eb8093563732c35145a5dfd6739af5e6.gif */ = {isa = PBXFileReference; lastKnownFileType = image.gif; name = picasion.com_eb8093563732c35145a5dfd6739af5e6.gif; path = Images.xcassets/picasion.com_eb8093563732c35145a5dfd6739af5e6.gif; sourceTree = "<group>"; };
		FBF978F119F383B000E03123 /* PNObservationCenter+Protected.h */ = {isa = PBXFileReference; fileEncoding = 4; lastKnownFileType = sourcecode.c.h; path = "PNObservationCenter+Protected.h"; sourceTree = "<group>"; };
		FBF978F219F383B000E03123 /* PNObservationCenter.h */ = {isa = PBXFileReference; fileEncoding = 4; lastKnownFileType = sourcecode.c.h; path = PNObservationCenter.h; sourceTree = "<group>"; };
		FBF978F319F383B000E03123 /* PNObservationCenter.m */ = {isa = PBXFileReference; fileEncoding = 4; lastKnownFileType = sourcecode.c.objc; path = PNObservationCenter.m; sourceTree = "<group>"; };
		FBF978F419F383B000E03123 /* PubNub+Protected.h */ = {isa = PBXFileReference; fileEncoding = 4; lastKnownFileType = sourcecode.c.h; path = "PubNub+Protected.h"; sourceTree = "<group>"; };
		FBF978F519F383B000E03123 /* PubNub.h */ = {isa = PBXFileReference; fileEncoding = 4; lastKnownFileType = sourcecode.c.h; path = PubNub.h; sourceTree = "<group>"; };
		FBF978F619F383B000E03123 /* PubNub.m */ = {isa = PBXFileReference; fileEncoding = 4; lastKnownFileType = sourcecode.c.objc; path = PubNub.m; sourceTree = "<group>"; };
		FBF978F919F383B000E03123 /* PNWriteBuffer.h */ = {isa = PBXFileReference; fileEncoding = 4; lastKnownFileType = sourcecode.c.h; path = PNWriteBuffer.h; sourceTree = "<group>"; };
		FBF978FA19F383B000E03123 /* PNWriteBuffer.m */ = {isa = PBXFileReference; fileEncoding = 4; lastKnownFileType = sourcecode.c.objc; path = PNWriteBuffer.m; sourceTree = "<group>"; };
		FBF978FC19F383B000E03123 /* PNChannel+Protected.h */ = {isa = PBXFileReference; fileEncoding = 4; lastKnownFileType = sourcecode.c.h; path = "PNChannel+Protected.h"; sourceTree = "<group>"; };
		FBF978FD19F383B000E03123 /* PNChannel.h */ = {isa = PBXFileReference; fileEncoding = 4; lastKnownFileType = sourcecode.c.h; path = PNChannel.h; sourceTree = "<group>"; };
		FBF978FE19F383B000E03123 /* PNChannel.m */ = {isa = PBXFileReference; fileEncoding = 4; lastKnownFileType = sourcecode.c.objc; path = PNChannel.m; sourceTree = "<group>"; };
		FBF9790019F383B000E03123 /* PNChannelPresence+Protected.h */ = {isa = PBXFileReference; fileEncoding = 4; lastKnownFileType = sourcecode.c.h; path = "PNChannelPresence+Protected.h"; sourceTree = "<group>"; };
		FBF9790119F383B000E03123 /* PNChannelPresence.h */ = {isa = PBXFileReference; fileEncoding = 4; lastKnownFileType = sourcecode.c.h; path = PNChannelPresence.h; sourceTree = "<group>"; };
		FBF9790219F383B000E03123 /* PNChannelPresence.m */ = {isa = PBXFileReference; fileEncoding = 4; lastKnownFileType = sourcecode.c.objc; path = PNChannelPresence.m; sourceTree = "<group>"; };
		FBF9790319F383B000E03123 /* PNPresenceEvent+Protected.h */ = {isa = PBXFileReference; fileEncoding = 4; lastKnownFileType = sourcecode.c.h; path = "PNPresenceEvent+Protected.h"; sourceTree = "<group>"; };
		FBF9790419F383B000E03123 /* PNPresenceEvent.h */ = {isa = PBXFileReference; fileEncoding = 4; lastKnownFileType = sourcecode.c.h; path = PNPresenceEvent.h; sourceTree = "<group>"; };
		FBF9790519F383B000E03123 /* PNPresenceEvent.m */ = {isa = PBXFileReference; fileEncoding = 4; lastKnownFileType = sourcecode.c.objc; path = PNPresenceEvent.m; sourceTree = "<group>"; };
		FBF9790719F383B000E03123 /* PNCryptoHelper.h */ = {isa = PBXFileReference; fileEncoding = 4; lastKnownFileType = sourcecode.c.h; path = PNCryptoHelper.h; sourceTree = "<group>"; };
		FBF9790819F383B000E03123 /* PNCryptoHelper.m */ = {isa = PBXFileReference; fileEncoding = 4; lastKnownFileType = sourcecode.c.objc; path = PNCryptoHelper.m; sourceTree = "<group>"; };
		FBF9790A19F383B000E03123 /* PNAccessRightsResponseParser+Protected.h */ = {isa = PBXFileReference; fileEncoding = 4; lastKnownFileType = sourcecode.c.h; path = "PNAccessRightsResponseParser+Protected.h"; sourceTree = "<group>"; };
		FBF9790B19F383B000E03123 /* PNAccessRightsResponseParser.h */ = {isa = PBXFileReference; fileEncoding = 4; lastKnownFileType = sourcecode.c.h; path = PNAccessRightsResponseParser.h; sourceTree = "<group>"; };
		FBF9790C19F383B000E03123 /* PNAccessRightsResponseParser.m */ = {isa = PBXFileReference; fileEncoding = 4; lastKnownFileType = sourcecode.c.objc; path = PNAccessRightsResponseParser.m; sourceTree = "<group>"; };
		FBF9790D19F383B000E03123 /* PNActionResponseParser+Protected.h */ = {isa = PBXFileReference; fileEncoding = 4; lastKnownFileType = sourcecode.c.h; path = "PNActionResponseParser+Protected.h"; sourceTree = "<group>"; };
		FBF9790E19F383B000E03123 /* PNActionResponseParser.h */ = {isa = PBXFileReference; fileEncoding = 4; lastKnownFileType = sourcecode.c.h; path = PNActionResponseParser.h; sourceTree = "<group>"; };
		FBF9790F19F383B000E03123 /* PNActionResponseParser.m */ = {isa = PBXFileReference; fileEncoding = 4; lastKnownFileType = sourcecode.c.objc; path = PNActionResponseParser.m; sourceTree = "<group>"; };
		FBF9791019F383B000E03123 /* PNChannelEventsResponseParser.h */ = {isa = PBXFileReference; fileEncoding = 4; lastKnownFileType = sourcecode.c.h; path = PNChannelEventsResponseParser.h; sourceTree = "<group>"; };
		FBF9791119F383B000E03123 /* PNChannelEventsResponseParser.m */ = {isa = PBXFileReference; fileEncoding = 4; lastKnownFileType = sourcecode.c.objc; path = PNChannelEventsResponseParser.m; sourceTree = "<group>"; };
		FBF9791219F383B000E03123 /* PNChannelHistoryParser+Protected.h */ = {isa = PBXFileReference; fileEncoding = 4; lastKnownFileType = sourcecode.c.h; path = "PNChannelHistoryParser+Protected.h"; sourceTree = "<group>"; };
		FBF9791319F383B000E03123 /* PNChannelHistoryParser.h */ = {isa = PBXFileReference; fileEncoding = 4; lastKnownFileType = sourcecode.c.h; path = PNChannelHistoryParser.h; sourceTree = "<group>"; };
		FBF9791419F383B000E03123 /* PNChannelHistoryParser.m */ = {isa = PBXFileReference; fileEncoding = 4; lastKnownFileType = sourcecode.c.objc; path = PNChannelHistoryParser.m; sourceTree = "<group>"; };
		FBF9791519F383B000E03123 /* PNClientStateResponseParser.h */ = {isa = PBXFileReference; fileEncoding = 4; lastKnownFileType = sourcecode.c.h; path = PNClientStateResponseParser.h; sourceTree = "<group>"; };
		FBF9791619F383B000E03123 /* PNClientStateResponseParser.m */ = {isa = PBXFileReference; fileEncoding = 4; lastKnownFileType = sourcecode.c.objc; path = PNClientStateResponseParser.m; sourceTree = "<group>"; };
		FBF9791719F383B000E03123 /* PNClientStateUpdateResponseParser.h */ = {isa = PBXFileReference; fileEncoding = 4; lastKnownFileType = sourcecode.c.h; path = PNClientStateUpdateResponseParser.h; sourceTree = "<group>"; };
		FBF9791819F383B000E03123 /* PNClientStateUpdateResponseParser.m */ = {isa = PBXFileReference; fileEncoding = 4; lastKnownFileType = sourcecode.c.objc; path = PNClientStateUpdateResponseParser.m; sourceTree = "<group>"; };
		FBF9791919F383B000E03123 /* PNErrorResponseParser+Protected.h */ = {isa = PBXFileReference; fileEncoding = 4; lastKnownFileType = sourcecode.c.h; path = "PNErrorResponseParser+Protected.h"; sourceTree = "<group>"; };
		FBF9791A19F383B000E03123 /* PNErrorResponseParser.h */ = {isa = PBXFileReference; fileEncoding = 4; lastKnownFileType = sourcecode.c.h; path = PNErrorResponseParser.h; sourceTree = "<group>"; };
		FBF9791B19F383B000E03123 /* PNErrorResponseParser.m */ = {isa = PBXFileReference; fileEncoding = 4; lastKnownFileType = sourcecode.c.objc; path = PNErrorResponseParser.m; sourceTree = "<group>"; };
		FBF9791C19F383B000E03123 /* PNHereNowResponseParser+Protected.h */ = {isa = PBXFileReference; fileEncoding = 4; lastKnownFileType = sourcecode.c.h; path = "PNHereNowResponseParser+Protected.h"; sourceTree = "<group>"; };
		FBF9791D19F383B000E03123 /* PNHereNowResponseParser.h */ = {isa = PBXFileReference; fileEncoding = 4; lastKnownFileType = sourcecode.c.h; path = PNHereNowResponseParser.h; sourceTree = "<group>"; };
		FBF9791E19F383B000E03123 /* PNHereNowResponseParser.m */ = {isa = PBXFileReference; fileEncoding = 4; lastKnownFileType = sourcecode.c.objc; path = PNHereNowResponseParser.m; sourceTree = "<group>"; };
		FBF9791F19F383B000E03123 /* PNOperationStatusResponseParser.h */ = {isa = PBXFileReference; fileEncoding = 4; lastKnownFileType = sourcecode.c.h; path = PNOperationStatusResponseParser.h; sourceTree = "<group>"; };
		FBF9792019F383B000E03123 /* PNOperationStatusResponseParser.m */ = {isa = PBXFileReference; fileEncoding = 4; lastKnownFileType = sourcecode.c.objc; path = PNOperationStatusResponseParser.m; sourceTree = "<group>"; };
		FBF9792119F383B000E03123 /* PNPushNotificationsEnabledChannelsParser.h */ = {isa = PBXFileReference; fileEncoding = 4; lastKnownFileType = sourcecode.c.h; path = PNPushNotificationsEnabledChannelsParser.h; sourceTree = "<group>"; };
		FBF9792219F383B000E03123 /* PNPushNotificationsEnabledChannelsParser.m */ = {isa = PBXFileReference; fileEncoding = 4; lastKnownFileType = sourcecode.c.objc; path = PNPushNotificationsEnabledChannelsParser.m; sourceTree = "<group>"; };
		FBF9792319F383B000E03123 /* PNResponseDeserialize.h */ = {isa = PBXFileReference; fileEncoding = 4; lastKnownFileType = sourcecode.c.h; path = PNResponseDeserialize.h; sourceTree = "<group>"; };
		FBF9792419F383B000E03123 /* PNResponseDeserialize.m */ = {isa = PBXFileReference; fileEncoding = 4; lastKnownFileType = sourcecode.c.objc; path = PNResponseDeserialize.m; sourceTree = "<group>"; };
		FBF9792519F383B000E03123 /* PNResponseParser.h */ = {isa = PBXFileReference; fileEncoding = 4; lastKnownFileType = sourcecode.c.h; path = PNResponseParser.h; sourceTree = "<group>"; };
		FBF9792619F383B000E03123 /* PNResponseParser.m */ = {isa = PBXFileReference; fileEncoding = 4; lastKnownFileType = sourcecode.c.objc; path = PNResponseParser.m; sourceTree = "<group>"; };
		FBF9792719F383B000E03123 /* PNTimeTokenResponseParser.h */ = {isa = PBXFileReference; fileEncoding = 4; lastKnownFileType = sourcecode.c.h; path = PNTimeTokenResponseParser.h; sourceTree = "<group>"; };
		FBF9792819F383B000E03123 /* PNTimeTokenResponseParser.m */ = {isa = PBXFileReference; fileEncoding = 4; lastKnownFileType = sourcecode.c.objc; path = PNTimeTokenResponseParser.m; sourceTree = "<group>"; };
		FBF9792919F383B000E03123 /* PNWhereNowResponseParser+Protected.h */ = {isa = PBXFileReference; fileEncoding = 4; lastKnownFileType = sourcecode.c.h; path = "PNWhereNowResponseParser+Protected.h"; sourceTree = "<group>"; };
		FBF9792A19F383B000E03123 /* PNWhereNowResponseParser.h */ = {isa = PBXFileReference; fileEncoding = 4; lastKnownFileType = sourcecode.c.h; path = PNWhereNowResponseParser.h; sourceTree = "<group>"; };
		FBF9792B19F383B000E03123 /* PNWhereNowResponseParser.m */ = {isa = PBXFileReference; fileEncoding = 4; lastKnownFileType = sourcecode.c.objc; path = PNWhereNowResponseParser.m; sourceTree = "<group>"; };
		FBF9792C19F383B000E03123 /* PNAccessRightOptions+Protected.h */ = {isa = PBXFileReference; fileEncoding = 4; lastKnownFileType = sourcecode.c.h; path = "PNAccessRightOptions+Protected.h"; sourceTree = "<group>"; };
		FBF9792D19F383B000E03123 /* PNAccessRightOptions.h */ = {isa = PBXFileReference; fileEncoding = 4; lastKnownFileType = sourcecode.c.h; path = PNAccessRightOptions.h; sourceTree = "<group>"; };
		FBF9792E19F383B000E03123 /* PNAccessRightOptions.m */ = {isa = PBXFileReference; fileEncoding = 4; lastKnownFileType = sourcecode.c.objc; path = PNAccessRightOptions.m; sourceTree = "<group>"; };
		FBF9792F19F383B000E03123 /* PNAccessRightsCollection+Protected.h */ = {isa = PBXFileReference; fileEncoding = 4; lastKnownFileType = sourcecode.c.h; path = "PNAccessRightsCollection+Protected.h"; sourceTree = "<group>"; };
		FBF9793019F383B000E03123 /* PNAccessRightsCollection.h */ = {isa = PBXFileReference; fileEncoding = 4; lastKnownFileType = sourcecode.c.h; path = PNAccessRightsCollection.h; sourceTree = "<group>"; };
		FBF9793119F383B000E03123 /* PNAccessRightsCollection.m */ = {isa = PBXFileReference; fileEncoding = 4; lastKnownFileType = sourcecode.c.objc; path = PNAccessRightsCollection.m; sourceTree = "<group>"; };
		FBF9793219F383B000E03123 /* PNAccessRightsInformation+Protected.h */ = {isa = PBXFileReference; fileEncoding = 4; lastKnownFileType = sourcecode.c.h; path = "PNAccessRightsInformation+Protected.h"; sourceTree = "<group>"; };
		FBF9793319F383B000E03123 /* PNAccessRightsInformation.h */ = {isa = PBXFileReference; fileEncoding = 4; lastKnownFileType = sourcecode.c.h; path = PNAccessRightsInformation.h; sourceTree = "<group>"; };
		FBF9793419F383B000E03123 /* PNAccessRightsInformation.m */ = {isa = PBXFileReference; fileEncoding = 4; lastKnownFileType = sourcecode.c.objc; path = PNAccessRightsInformation.m; sourceTree = "<group>"; };
		FBF9793519F383B000E03123 /* PNCache.h */ = {isa = PBXFileReference; fileEncoding = 4; lastKnownFileType = sourcecode.c.h; path = PNCache.h; sourceTree = "<group>"; };
		FBF9793619F383B000E03123 /* PNCache.m */ = {isa = PBXFileReference; fileEncoding = 4; lastKnownFileType = sourcecode.c.objc; path = PNCache.m; sourceTree = "<group>"; };
		FBF9793719F383B000E03123 /* PNChannelEvents+Protected.h */ = {isa = PBXFileReference; fileEncoding = 4; lastKnownFileType = sourcecode.c.h; path = "PNChannelEvents+Protected.h"; sourceTree = "<group>"; };
		FBF9793819F383B000E03123 /* PNChannelEvents.h */ = {isa = PBXFileReference; fileEncoding = 4; lastKnownFileType = sourcecode.c.h; path = PNChannelEvents.h; sourceTree = "<group>"; };
		FBF9793919F383B000E03123 /* PNChannelEvents.m */ = {isa = PBXFileReference; fileEncoding = 4; lastKnownFileType = sourcecode.c.objc; path = PNChannelEvents.m; sourceTree = "<group>"; };
		FBF9793A19F383B000E03123 /* PNClient+Protected.h */ = {isa = PBXFileReference; fileEncoding = 4; lastKnownFileType = sourcecode.c.h; path = "PNClient+Protected.h"; sourceTree = "<group>"; };
		FBF9793B19F383B000E03123 /* PNClient.h */ = {isa = PBXFileReference; fileEncoding = 4; lastKnownFileType = sourcecode.c.h; path = PNClient.h; sourceTree = "<group>"; };
		FBF9793C19F383B000E03123 /* PNClient.m */ = {isa = PBXFileReference; fileEncoding = 4; lastKnownFileType = sourcecode.c.objc; path = PNClient.m; sourceTree = "<group>"; };
		FBF9793D19F383B000E03123 /* PNConfiguration+Protected.h */ = {isa = PBXFileReference; fileEncoding = 4; lastKnownFileType = sourcecode.c.h; path = "PNConfiguration+Protected.h"; sourceTree = "<group>"; };
		FBF9793E19F383B000E03123 /* PNConfiguration.h */ = {isa = PBXFileReference; fileEncoding = 4; lastKnownFileType = sourcecode.c.h; path = PNConfiguration.h; sourceTree = "<group>"; };
		FBF9793F19F383B000E03123 /* PNConfiguration.m */ = {isa = PBXFileReference; fileEncoding = 4; lastKnownFileType = sourcecode.c.objc; path = PNConfiguration.m; sourceTree = "<group>"; };
		FBF9794019F383B000E03123 /* PNDate.h */ = {isa = PBXFileReference; fileEncoding = 4; lastKnownFileType = sourcecode.c.h; path = PNDate.h; sourceTree = "<group>"; };
		FBF9794119F383B000E03123 /* PNDate.m */ = {isa = PBXFileReference; fileEncoding = 4; lastKnownFileType = sourcecode.c.objc; path = PNDate.m; sourceTree = "<group>"; };
		FBF9794219F383B000E03123 /* PNError+Protected.h */ = {isa = PBXFileReference; fileEncoding = 4; lastKnownFileType = sourcecode.c.h; path = "PNError+Protected.h"; sourceTree = "<group>"; };
		FBF9794319F383B000E03123 /* PNError.h */ = {isa = PBXFileReference; fileEncoding = 4; lastKnownFileType = sourcecode.c.h; path = PNError.h; sourceTree = "<group>"; };
		FBF9794419F383B000E03123 /* PNError.m */ = {isa = PBXFileReference; fileEncoding = 4; lastKnownFileType = sourcecode.c.objc; path = PNError.m; sourceTree = "<group>"; };
		FBF9794519F383B000E03123 /* PNHereNow+Protected.h */ = {isa = PBXFileReference; fileEncoding = 4; lastKnownFileType = sourcecode.c.h; path = "PNHereNow+Protected.h"; sourceTree = "<group>"; };
		FBF9794619F383B000E03123 /* PNHereNow.h */ = {isa = PBXFileReference; fileEncoding = 4; lastKnownFileType = sourcecode.c.h; path = PNHereNow.h; sourceTree = "<group>"; };
		FBF9794719F383B000E03123 /* PNHereNow.m */ = {isa = PBXFileReference; fileEncoding = 4; lastKnownFileType = sourcecode.c.objc; path = PNHereNow.m; sourceTree = "<group>"; };
		FBF9794819F383B000E03123 /* PNJSONSerialization.h */ = {isa = PBXFileReference; fileEncoding = 4; lastKnownFileType = sourcecode.c.h; path = PNJSONSerialization.h; sourceTree = "<group>"; };
		FBF9794919F383B000E03123 /* PNJSONSerialization.m */ = {isa = PBXFileReference; fileEncoding = 4; lastKnownFileType = sourcecode.c.objc; path = PNJSONSerialization.m; sourceTree = "<group>"; };
		FBF9794A19F383B000E03123 /* PNMessage+Protected.h */ = {isa = PBXFileReference; fileEncoding = 4; lastKnownFileType = sourcecode.c.h; path = "PNMessage+Protected.h"; sourceTree = "<group>"; };
		FBF9794C19F383B000E03123 /* PNMessage.m */ = {isa = PBXFileReference; fileEncoding = 4; lastKnownFileType = sourcecode.c.objc; path = PNMessage.m; sourceTree = "<group>"; };
		FBF9794D19F383B000E03123 /* PNMessagesHistory+Protected.h */ = {isa = PBXFileReference; fileEncoding = 4; lastKnownFileType = sourcecode.c.h; path = "PNMessagesHistory+Protected.h"; sourceTree = "<group>"; };
		FBF9794E19F383B000E03123 /* PNMessagesHistory.h */ = {isa = PBXFileReference; fileEncoding = 4; lastKnownFileType = sourcecode.c.h; path = PNMessagesHistory.h; sourceTree = "<group>"; };
		FBF9794F19F383B000E03123 /* PNMessagesHistory.m */ = {isa = PBXFileReference; fileEncoding = 4; lastKnownFileType = sourcecode.c.objc; path = PNMessagesHistory.m; sourceTree = "<group>"; };
		FBF9795019F383B000E03123 /* PNOperationStatus+Protected.h */ = {isa = PBXFileReference; fileEncoding = 4; lastKnownFileType = sourcecode.c.h; path = "PNOperationStatus+Protected.h"; sourceTree = "<group>"; };
		FBF9795119F383B000E03123 /* PNOperationStatus.h */ = {isa = PBXFileReference; fileEncoding = 4; lastKnownFileType = sourcecode.c.h; path = PNOperationStatus.h; sourceTree = "<group>"; };
		FBF9795219F383B000E03123 /* PNOperationStatus.m */ = {isa = PBXFileReference; fileEncoding = 4; lastKnownFileType = sourcecode.c.objc; path = PNOperationStatus.m; sourceTree = "<group>"; };
		FBF9795319F383B000E03123 /* PNRequestsQueue.h */ = {isa = PBXFileReference; fileEncoding = 4; lastKnownFileType = sourcecode.c.h; path = PNRequestsQueue.h; sourceTree = "<group>"; };
		FBF9795419F383B000E03123 /* PNRequestsQueue.m */ = {isa = PBXFileReference; fileEncoding = 4; lastKnownFileType = sourcecode.c.objc; path = PNRequestsQueue.m; sourceTree = "<group>"; };
		FBF9795519F383B000E03123 /* PNResponse+Protected.h */ = {isa = PBXFileReference; fileEncoding = 4; lastKnownFileType = sourcecode.c.h; path = "PNResponse+Protected.h"; sourceTree = "<group>"; };
		FBF9795619F383B000E03123 /* PNResponse.h */ = {isa = PBXFileReference; fileEncoding = 4; lastKnownFileType = sourcecode.c.h; path = PNResponse.h; sourceTree = "<group>"; };
		FBF9795719F383B000E03123 /* PNResponse.m */ = {isa = PBXFileReference; fileEncoding = 4; lastKnownFileType = sourcecode.c.objc; path = PNResponse.m; sourceTree = "<group>"; };
		FBF9795819F383B000E03123 /* PNWhereNow+Protected.h */ = {isa = PBXFileReference; fileEncoding = 4; lastKnownFileType = sourcecode.c.h; path = "PNWhereNow+Protected.h"; sourceTree = "<group>"; };
		FBF9795919F383B000E03123 /* PNWhereNow.h */ = {isa = PBXFileReference; fileEncoding = 4; lastKnownFileType = sourcecode.c.h; path = PNWhereNow.h; sourceTree = "<group>"; };
		FBF9795A19F383B000E03123 /* PNWhereNow.m */ = {isa = PBXFileReference; fileEncoding = 4; lastKnownFileType = sourcecode.c.objc; path = PNWhereNow.m; sourceTree = "<group>"; };
		FBF9795D19F383B000E03123 /* NSArray+PNAdditions.h */ = {isa = PBXFileReference; fileEncoding = 4; lastKnownFileType = sourcecode.c.h; path = "NSArray+PNAdditions.h"; sourceTree = "<group>"; };
		FBF9795E19F383B000E03123 /* NSArray+PNAdditions.m */ = {isa = PBXFileReference; fileEncoding = 4; lastKnownFileType = sourcecode.c.objc; path = "NSArray+PNAdditions.m"; sourceTree = "<group>"; };
		FBF9795F19F383B000E03123 /* NSData+PNAdditions.h */ = {isa = PBXFileReference; fileEncoding = 4; lastKnownFileType = sourcecode.c.h; path = "NSData+PNAdditions.h"; sourceTree = "<group>"; };
		FBF9796019F383B000E03123 /* NSData+PNAdditions.m */ = {isa = PBXFileReference; fileEncoding = 4; lastKnownFileType = sourcecode.c.objc; path = "NSData+PNAdditions.m"; sourceTree = "<group>"; };
		FBF9796119F383B000E03123 /* NSDate+PNAdditions.h */ = {isa = PBXFileReference; fileEncoding = 4; lastKnownFileType = sourcecode.c.h; path = "NSDate+PNAdditions.h"; sourceTree = "<group>"; };
		FBF9796219F383B000E03123 /* NSDate+PNAdditions.m */ = {isa = PBXFileReference; fileEncoding = 4; lastKnownFileType = sourcecode.c.objc; path = "NSDate+PNAdditions.m"; sourceTree = "<group>"; };
		FBF9796319F383B000E03123 /* NSDictionary+PNAdditions.h */ = {isa = PBXFileReference; fileEncoding = 4; lastKnownFileType = sourcecode.c.h; path = "NSDictionary+PNAdditions.h"; sourceTree = "<group>"; };
		FBF9796419F383B000E03123 /* NSDictionary+PNAdditions.m */ = {isa = PBXFileReference; fileEncoding = 4; lastKnownFileType = sourcecode.c.objc; path = "NSDictionary+PNAdditions.m"; sourceTree = "<group>"; };
		FBF9796519F383B000E03123 /* NSError+PNAdditions.h */ = {isa = PBXFileReference; fileEncoding = 4; lastKnownFileType = sourcecode.c.h; path = "NSError+PNAdditions.h"; sourceTree = "<group>"; };
		FBF9796619F383B000E03123 /* NSError+PNAdditions.m */ = {isa = PBXFileReference; fileEncoding = 4; lastKnownFileType = sourcecode.c.objc; path = "NSError+PNAdditions.m"; sourceTree = "<group>"; };
		FBF9796719F383B000E03123 /* NSInvocation+PNAdditions.h */ = {isa = PBXFileReference; fileEncoding = 4; lastKnownFileType = sourcecode.c.h; path = "NSInvocation+PNAdditions.h"; sourceTree = "<group>"; };
		FBF9796819F383B000E03123 /* NSInvocation+PNAdditions.m */ = {isa = PBXFileReference; fileEncoding = 4; lastKnownFileType = sourcecode.c.objc; path = "NSInvocation+PNAdditions.m"; sourceTree = "<group>"; };
		FBF9796919F383B000E03123 /* NSMutableArray+PNAdditions.h */ = {isa = PBXFileReference; fileEncoding = 4; lastKnownFileType = sourcecode.c.h; path = "NSMutableArray+PNAdditions.h"; sourceTree = "<group>"; };
		FBF9796A19F383B000E03123 /* NSMutableArray+PNAdditions.m */ = {isa = PBXFileReference; fileEncoding = 4; lastKnownFileType = sourcecode.c.objc; path = "NSMutableArray+PNAdditions.m"; sourceTree = "<group>"; };
		FBF9796B19F383B000E03123 /* NSMutableSet+PNAdditions.h */ = {isa = PBXFileReference; fileEncoding = 4; lastKnownFileType = sourcecode.c.h; path = "NSMutableSet+PNAdditions.h"; sourceTree = "<group>"; };
		FBF9796C19F383B000E03123 /* NSMutableSet+PNAdditions.m */ = {isa = PBXFileReference; fileEncoding = 4; lastKnownFileType = sourcecode.c.objc; path = "NSMutableSet+PNAdditions.m"; sourceTree = "<group>"; };
		FBF9796D19F383B000E03123 /* NSSet+PNAdditions.h */ = {isa = PBXFileReference; fileEncoding = 4; lastKnownFileType = sourcecode.c.h; path = "NSSet+PNAdditions.h"; sourceTree = "<group>"; };
		FBF9796E19F383B000E03123 /* NSSet+PNAdditions.m */ = {isa = PBXFileReference; fileEncoding = 4; lastKnownFileType = sourcecode.c.objc; path = "NSSet+PNAdditions.m"; sourceTree = "<group>"; };
		FBF9796F19F383B000E03123 /* NSString+PNAddition.h */ = {isa = PBXFileReference; fileEncoding = 4; lastKnownFileType = sourcecode.c.h; path = "NSString+PNAddition.h"; sourceTree = "<group>"; };
		FBF9797019F383B000E03123 /* NSString+PNAddition.m */ = {isa = PBXFileReference; fileEncoding = 4; lastKnownFileType = sourcecode.c.objc; path = "NSString+PNAddition.m"; sourceTree = "<group>"; };
		FBF9797119F383B000E03123 /* UIApplication+PNAdditions.h */ = {isa = PBXFileReference; fileEncoding = 4; lastKnownFileType = sourcecode.c.h; path = "UIApplication+PNAdditions.h"; sourceTree = "<group>"; };
		FBF9797219F383B000E03123 /* UIApplication+PNAdditions.m */ = {isa = PBXFileReference; fileEncoding = 4; lastKnownFileType = sourcecode.c.objc; path = "UIApplication+PNAdditions.m"; sourceTree = "<group>"; };
		FBF9797319F383B000E03123 /* PNConstants.h */ = {isa = PBXFileReference; fileEncoding = 4; lastKnownFileType = sourcecode.c.h; path = PNConstants.h; sourceTree = "<group>"; };
		FBF9797419F383B000E03123 /* PNDefaultConfiguration.h */ = {isa = PBXFileReference; fileEncoding = 4; lastKnownFileType = sourcecode.c.h; path = PNDefaultConfiguration.h; sourceTree = "<group>"; };
		FBF9797519F383B000E03123 /* PNErrorCodes.h */ = {isa = PBXFileReference; fileEncoding = 4; lastKnownFileType = sourcecode.c.h; path = PNErrorCodes.h; sourceTree = "<group>"; };
		FBF9797619F383B000E03123 /* PNHelper.h */ = {isa = PBXFileReference; fileEncoding = 4; lastKnownFileType = sourcecode.c.h; path = PNHelper.h; sourceTree = "<group>"; };
		FBF9797719F383B000E03123 /* PNHelper.m */ = {isa = PBXFileReference; fileEncoding = 4; lastKnownFileType = sourcecode.c.objc; path = PNHelper.m; sourceTree = "<group>"; };
		FBF9797819F383B000E03123 /* PNImports.h */ = {isa = PBXFileReference; fileEncoding = 4; lastKnownFileType = sourcecode.c.h; path = PNImports.h; sourceTree = "<group>"; };
		FBF9797919F383B000E03123 /* PNLogger+Protected.h */ = {isa = PBXFileReference; fileEncoding = 4; lastKnownFileType = sourcecode.c.h; path = "PNLogger+Protected.h"; sourceTree = "<group>"; };
		FBF9797A19F383B000E03123 /* PNLogger.h */ = {isa = PBXFileReference; fileEncoding = 4; lastKnownFileType = sourcecode.c.h; path = PNLogger.h; sourceTree = "<group>"; };
		FBF9797B19F383B000E03123 /* PNLogger.m */ = {isa = PBXFileReference; fileEncoding = 4; lastKnownFileType = sourcecode.c.objc; path = PNLogger.m; sourceTree = "<group>"; };
		FBF9797C19F383B000E03123 /* PNLoggerSymbols.h */ = {isa = PBXFileReference; fileEncoding = 4; lastKnownFileType = sourcecode.c.h; path = PNLoggerSymbols.h; sourceTree = "<group>"; };
		FBF9797D19F383B000E03123 /* PNMacro.h */ = {isa = PBXFileReference; fileEncoding = 4; lastKnownFileType = sourcecode.c.h; path = PNMacro.h; sourceTree = "<group>"; };
		FBF9797E19F383B000E03123 /* PNNotifications.h */ = {isa = PBXFileReference; fileEncoding = 4; lastKnownFileType = sourcecode.c.h; path = PNNotifications.h; sourceTree = "<group>"; };
		FBF9797F19F383B000E03123 /* PNPrivateImports.h */ = {isa = PBXFileReference; fileEncoding = 4; lastKnownFileType = sourcecode.c.h; path = PNPrivateImports.h; sourceTree = "<group>"; };
		FBF9798019F383B000E03123 /* PNPrivateMacro.h */ = {isa = PBXFileReference; fileEncoding = 4; lastKnownFileType = sourcecode.c.h; path = PNPrivateMacro.h; sourceTree = "<group>"; };
		FBF9798119F383B000E03123 /* PNRequestsImport.h */ = {isa = PBXFileReference; fileEncoding = 4; lastKnownFileType = sourcecode.c.h; path = PNRequestsImport.h; sourceTree = "<group>"; };
		FBF9798219F383B000E03123 /* PNServiceResponseCallbacks.h */ = {isa = PBXFileReference; fileEncoding = 4; lastKnownFileType = sourcecode.c.h; path = PNServiceResponseCallbacks.h; sourceTree = "<group>"; };
		FBF9798319F383B000E03123 /* PNStructures.h */ = {isa = PBXFileReference; fileEncoding = 4; lastKnownFileType = sourcecode.c.h; path = PNStructures.h; sourceTree = "<group>"; };
		FBF9798519F383B000E03123 /* PNConnectionChannelDelegate.h */ = {isa = PBXFileReference; fileEncoding = 4; lastKnownFileType = sourcecode.c.h; path = PNConnectionChannelDelegate.h; sourceTree = "<group>"; };
		FBF9798619F383B000E03123 /* PNConnectionDelegate.h */ = {isa = PBXFileReference; fileEncoding = 4; lastKnownFileType = sourcecode.c.h; path = PNConnectionDelegate.h; sourceTree = "<group>"; };
		FBF9798719F383B000E03123 /* PNDelegate.h */ = {isa = PBXFileReference; fileEncoding = 4; lastKnownFileType = sourcecode.c.h; path = PNDelegate.h; sourceTree = "<group>"; };
		FBF9798819F383B000E03123 /* PNMessageChannelDelegate.h */ = {isa = PBXFileReference; fileEncoding = 4; lastKnownFileType = sourcecode.c.h; path = PNMessageChannelDelegate.h; sourceTree = "<group>"; };
		FBF9798919F383B000E03123 /* PNRequestsQueueDelegate.h */ = {isa = PBXFileReference; fileEncoding = 4; lastKnownFileType = sourcecode.c.h; path = PNRequestsQueueDelegate.h; sourceTree = "<group>"; };
		FBF9798A19F383B000E03123 /* PNResponseProtocol.h */ = {isa = PBXFileReference; fileEncoding = 4; lastKnownFileType = sourcecode.c.h; path = PNResponseProtocol.h; sourceTree = "<group>"; };
		FBF9798B19F383B000E03123 /* PNServiceChannelDelegate.h */ = {isa = PBXFileReference; fileEncoding = 4; lastKnownFileType = sourcecode.c.h; path = PNServiceChannelDelegate.h; sourceTree = "<group>"; };
		FBF9798E19F383B000E03123 /* PNAccessRightsAuditRequest.h */ = {isa = PBXFileReference; fileEncoding = 4; lastKnownFileType = sourcecode.c.h; path = PNAccessRightsAuditRequest.h; sourceTree = "<group>"; };
		FBF9798F19F383B000E03123 /* PNAccessRightsAuditRequest.m */ = {isa = PBXFileReference; fileEncoding = 4; lastKnownFileType = sourcecode.c.objc; path = PNAccessRightsAuditRequest.m; sourceTree = "<group>"; };
		FBF9799019F383B000E03123 /* PNBaseRequest+Protected.h */ = {isa = PBXFileReference; fileEncoding = 4; lastKnownFileType = sourcecode.c.h; path = "PNBaseRequest+Protected.h"; sourceTree = "<group>"; };
		FBF9799119F383B000E03123 /* PNBaseRequest.h */ = {isa = PBXFileReference; fileEncoding = 4; lastKnownFileType = sourcecode.c.h; path = PNBaseRequest.h; sourceTree = "<group>"; };
		FBF9799219F383B000E03123 /* PNBaseRequest.m */ = {isa = PBXFileReference; fileEncoding = 4; lastKnownFileType = sourcecode.c.objc; path = PNBaseRequest.m; sourceTree = "<group>"; };
		FBF9799319F383B000E03123 /* PNChangeAccessRightsRequest.h */ = {isa = PBXFileReference; fileEncoding = 4; lastKnownFileType = sourcecode.c.h; path = PNChangeAccessRightsRequest.h; sourceTree = "<group>"; };
		FBF9799419F383B000E03123 /* PNChangeAccessRightsRequest.m */ = {isa = PBXFileReference; fileEncoding = 4; lastKnownFileType = sourcecode.c.objc; path = PNChangeAccessRightsRequest.m; sourceTree = "<group>"; };
		FBF9799519F383B000E03123 /* PNClientStateRequest+Protected.h */ = {isa = PBXFileReference; fileEncoding = 4; lastKnownFileType = sourcecode.c.h; path = "PNClientStateRequest+Protected.h"; sourceTree = "<group>"; };
		FBF9799619F383B000E03123 /* PNClientStateRequest.h */ = {isa = PBXFileReference; fileEncoding = 4; lastKnownFileType = sourcecode.c.h; path = PNClientStateRequest.h; sourceTree = "<group>"; };
		FBF9799719F383B000E03123 /* PNClientStateRequest.m */ = {isa = PBXFileReference; fileEncoding = 4; lastKnownFileType = sourcecode.c.objc; path = PNClientStateRequest.m; sourceTree = "<group>"; };
		FBF9799819F383B000E03123 /* PNClientStateUpdateRequest+Protected.h */ = {isa = PBXFileReference; fileEncoding = 4; lastKnownFileType = sourcecode.c.h; path = "PNClientStateUpdateRequest+Protected.h"; sourceTree = "<group>"; };
		FBF9799919F383B000E03123 /* PNClientStateUpdateRequest.h */ = {isa = PBXFileReference; fileEncoding = 4; lastKnownFileType = sourcecode.c.h; path = PNClientStateUpdateRequest.h; sourceTree = "<group>"; };
		FBF9799A19F383B000E03123 /* PNClientStateUpdateRequest.m */ = {isa = PBXFileReference; fileEncoding = 4; lastKnownFileType = sourcecode.c.objc; path = PNClientStateUpdateRequest.m; sourceTree = "<group>"; };
		FBF9799B19F383B000E03123 /* PNHeartbeatRequest.h */ = {isa = PBXFileReference; fileEncoding = 4; lastKnownFileType = sourcecode.c.h; path = PNHeartbeatRequest.h; sourceTree = "<group>"; };
		FBF9799C19F383B000E03123 /* PNHeartbeatRequest.m */ = {isa = PBXFileReference; fileEncoding = 4; lastKnownFileType = sourcecode.c.objc; path = PNHeartbeatRequest.m; sourceTree = "<group>"; };
		FBF9799D19F383B000E03123 /* PNHereNowRequest+Protected.h */ = {isa = PBXFileReference; fileEncoding = 4; lastKnownFileType = sourcecode.c.h; path = "PNHereNowRequest+Protected.h"; sourceTree = "<group>"; };
		FBF9799E19F383B000E03123 /* PNHereNowRequest.h */ = {isa = PBXFileReference; fileEncoding = 4; lastKnownFileType = sourcecode.c.h; path = PNHereNowRequest.h; sourceTree = "<group>"; };
		FBF9799F19F383B000E03123 /* PNHereNowRequest.m */ = {isa = PBXFileReference; fileEncoding = 4; lastKnownFileType = sourcecode.c.objc; path = PNHereNowRequest.m; sourceTree = "<group>"; };
		FBF979A019F383B000E03123 /* PNLatencyMeasureRequest.h */ = {isa = PBXFileReference; fileEncoding = 4; lastKnownFileType = sourcecode.c.h; path = PNLatencyMeasureRequest.h; sourceTree = "<group>"; };
		FBF979A119F383B000E03123 /* PNLatencyMeasureRequest.m */ = {isa = PBXFileReference; fileEncoding = 4; lastKnownFileType = sourcecode.c.objc; path = PNLatencyMeasureRequest.m; sourceTree = "<group>"; };
		FBF979A219F383B000E03123 /* PNLeaveRequest+Protected.h */ = {isa = PBXFileReference; fileEncoding = 4; lastKnownFileType = sourcecode.c.h; path = "PNLeaveRequest+Protected.h"; sourceTree = "<group>"; };
		FBF979A319F383B000E03123 /* PNLeaveRequest.h */ = {isa = PBXFileReference; fileEncoding = 4; lastKnownFileType = sourcecode.c.h; path = PNLeaveRequest.h; sourceTree = "<group>"; };
		FBF979A419F383B000E03123 /* PNLeaveRequest.m */ = {isa = PBXFileReference; fileEncoding = 4; lastKnownFileType = sourcecode.c.objc; path = PNLeaveRequest.m; sourceTree = "<group>"; };
		FBF979A519F383B000E03123 /* PNMessageHistoryRequest+Protected.h */ = {isa = PBXFileReference; fileEncoding = 4; lastKnownFileType = sourcecode.c.h; path = "PNMessageHistoryRequest+Protected.h"; sourceTree = "<group>"; };
		FBF979A619F383B000E03123 /* PNMessageHistoryRequest.h */ = {isa = PBXFileReference; fileEncoding = 4; lastKnownFileType = sourcecode.c.h; path = PNMessageHistoryRequest.h; sourceTree = "<group>"; };
		FBF979A719F383B000E03123 /* PNMessageHistoryRequest.m */ = {isa = PBXFileReference; fileEncoding = 4; lastKnownFileType = sourcecode.c.objc; path = PNMessageHistoryRequest.m; sourceTree = "<group>"; };
		FBF979A819F383B000E03123 /* PNMessagePostRequest+Protected.h */ = {isa = PBXFileReference; fileEncoding = 4; lastKnownFileType = sourcecode.c.h; path = "PNMessagePostRequest+Protected.h"; sourceTree = "<group>"; };
		FBF979A919F383B000E03123 /* PNMessagePostRequest.h */ = {isa = PBXFileReference; fileEncoding = 4; lastKnownFileType = sourcecode.c.h; path = PNMessagePostRequest.h; sourceTree = "<group>"; };
		FBF979AA19F383B000E03123 /* PNMessagePostRequest.m */ = {isa = PBXFileReference; fileEncoding = 4; lastKnownFileType = sourcecode.c.objc; path = PNMessagePostRequest.m; sourceTree = "<group>"; };
		FBF979AB19F383B000E03123 /* PNPushNotificationsEnabledChannelsRequest.h */ = {isa = PBXFileReference; fileEncoding = 4; lastKnownFileType = sourcecode.c.h; path = PNPushNotificationsEnabledChannelsRequest.h; sourceTree = "<group>"; };
		FBF979AC19F383B000E03123 /* PNPushNotificationsEnabledChannelsRequest.m */ = {isa = PBXFileReference; fileEncoding = 4; lastKnownFileType = sourcecode.c.objc; path = PNPushNotificationsEnabledChannelsRequest.m; sourceTree = "<group>"; };
		FBF979AD19F383B000E03123 /* PNPushNotificationsRemoveRequest.h */ = {isa = PBXFileReference; fileEncoding = 4; lastKnownFileType = sourcecode.c.h; path = PNPushNotificationsRemoveRequest.h; sourceTree = "<group>"; };
		FBF979AE19F383B000E03123 /* PNPushNotificationsRemoveRequest.m */ = {isa = PBXFileReference; fileEncoding = 4; lastKnownFileType = sourcecode.c.objc; path = PNPushNotificationsRemoveRequest.m; sourceTree = "<group>"; };
		FBF979AF19F383B000E03123 /* PNPushNotificationsStateChangeRequest.h */ = {isa = PBXFileReference; fileEncoding = 4; lastKnownFileType = sourcecode.c.h; path = PNPushNotificationsStateChangeRequest.h; sourceTree = "<group>"; };
		FBF979B019F383B000E03123 /* PNPushNotificationsStateChangeRequest.m */ = {isa = PBXFileReference; fileEncoding = 4; lastKnownFileType = sourcecode.c.objc; path = PNPushNotificationsStateChangeRequest.m; sourceTree = "<group>"; };
		FBF979B119F383B000E03123 /* PNSubscribeRequest+Protected.h */ = {isa = PBXFileReference; fileEncoding = 4; lastKnownFileType = sourcecode.c.h; path = "PNSubscribeRequest+Protected.h"; sourceTree = "<group>"; };
		FBF979B219F383B000E03123 /* PNSubscribeRequest.h */ = {isa = PBXFileReference; fileEncoding = 4; lastKnownFileType = sourcecode.c.h; path = PNSubscribeRequest.h; sourceTree = "<group>"; };
		FBF979B319F383B000E03123 /* PNSubscribeRequest.m */ = {isa = PBXFileReference; fileEncoding = 4; lastKnownFileType = sourcecode.c.objc; path = PNSubscribeRequest.m; sourceTree = "<group>"; };
		FBF979B419F383B000E03123 /* PNTimeTokenRequest.h */ = {isa = PBXFileReference; fileEncoding = 4; lastKnownFileType = sourcecode.c.h; path = PNTimeTokenRequest.h; sourceTree = "<group>"; };
		FBF979B519F383B000E03123 /* PNTimeTokenRequest.m */ = {isa = PBXFileReference; fileEncoding = 4; lastKnownFileType = sourcecode.c.objc; path = PNTimeTokenRequest.m; sourceTree = "<group>"; };
		FBF979B619F383B000E03123 /* PNWhereNowRequest.h */ = {isa = PBXFileReference; fileEncoding = 4; lastKnownFileType = sourcecode.c.h; path = PNWhereNowRequest.h; sourceTree = "<group>"; };
		FBF979B719F383B000E03123 /* PNWhereNowRequest.m */ = {isa = PBXFileReference; fileEncoding = 4; lastKnownFileType = sourcecode.c.objc; path = PNWhereNowRequest.m; sourceTree = "<group>"; };
		FBF979B819F383B000E03123 /* PNMessagingChannel.h */ = {isa = PBXFileReference; fileEncoding = 4; lastKnownFileType = sourcecode.c.h; path = PNMessagingChannel.h; sourceTree = "<group>"; };
		FBF979B919F383B000E03123 /* PNMessagingChannel.m */ = {isa = PBXFileReference; fileEncoding = 4; lastKnownFileType = sourcecode.c.objc; path = PNMessagingChannel.m; sourceTree = "<group>"; };
		FBF979BA19F383B000E03123 /* PNNetworkHelper.h */ = {isa = PBXFileReference; fileEncoding = 4; lastKnownFileType = sourcecode.c.h; path = PNNetworkHelper.h; sourceTree = "<group>"; };
		FBF979BB19F383B000E03123 /* PNNetworkHelper.m */ = {isa = PBXFileReference; fileEncoding = 4; lastKnownFileType = sourcecode.c.objc; path = PNNetworkHelper.m; sourceTree = "<group>"; };
		FBF979BC19F383B000E03123 /* PNReachability.h */ = {isa = PBXFileReference; fileEncoding = 4; lastKnownFileType = sourcecode.c.h; path = PNReachability.h; sourceTree = "<group>"; };
		FBF979BD19F383B000E03123 /* PNReachability.m */ = {isa = PBXFileReference; fileEncoding = 4; lastKnownFileType = sourcecode.c.objc; path = PNReachability.m; sourceTree = "<group>"; };
		FBF979BE19F383B000E03123 /* PNServiceChannel.h */ = {isa = PBXFileReference; fileEncoding = 4; lastKnownFileType = sourcecode.c.h; path = PNServiceChannel.h; sourceTree = "<group>"; };
		FBF979BF19F383B000E03123 /* PNServiceChannel.m */ = {isa = PBXFileReference; fileEncoding = 4; lastKnownFileType = sourcecode.c.objc; path = PNServiceChannel.m; sourceTree = "<group>"; };
		FBF979C119F383B000E03123 /* PNConnection+Protected.h */ = {isa = PBXFileReference; fileEncoding = 4; lastKnownFileType = sourcecode.c.h; path = "PNConnection+Protected.h"; sourceTree = "<group>"; };
		FBF979C219F383B000E03123 /* PNConnection.h */ = {isa = PBXFileReference; fileEncoding = 4; lastKnownFileType = sourcecode.c.h; path = PNConnection.h; sourceTree = "<group>"; };
		FBF979C319F383B000E03123 /* PNConnection.m */ = {isa = PBXFileReference; fileEncoding = 4; lastKnownFileType = sourcecode.c.objc; path = PNConnection.m; sourceTree = "<group>"; };
		FBF979C419F383B000E03123 /* PNConnectionChannel+Protected.h */ = {isa = PBXFileReference; fileEncoding = 4; lastKnownFileType = sourcecode.c.h; path = "PNConnectionChannel+Protected.h"; sourceTree = "<group>"; };
		FBF979C519F383B000E03123 /* PNConnectionChannel.h */ = {isa = PBXFileReference; fileEncoding = 4; lastKnownFileType = sourcecode.c.h; path = PNConnectionChannel.h; sourceTree = "<group>"; };
		FBF979C619F383B000E03123 /* PNConnectionChannel.m */ = {isa = PBXFileReference; fileEncoding = 4; lastKnownFileType = sourcecode.c.objc; path = PNConnectionChannel.m; sourceTree = "<group>"; };
		FBF979C819F383B000E03123 /* PNLoggerSymbols.plist */ = {isa = PBXFileReference; fileEncoding = 4; lastKnownFileType = text.plist.xml; path = PNLoggerSymbols.plist; sourceTree = "<group>"; };
/* End PBXFileReference section */

/* Begin PBXFrameworksBuildPhase section */
		9C6F558A19F2F7F600EC5397 /* Frameworks */ = {
			isa = PBXFrameworksBuildPhase;
			buildActionMask = 2147483647;
			files = (
				0EA38FE4F30BC8299F662E46 /* libPods.a in Frameworks */,
			);
			runOnlyForDeploymentPostprocessing = 0;
		};
		9C6F55A319F2F7F700EC5397 /* Frameworks */ = {
			isa = PBXFrameworksBuildPhase;
			buildActionMask = 2147483647;
			files = (
			);
			runOnlyForDeploymentPostprocessing = 0;
		};
/* End PBXFrameworksBuildPhase section */

/* Begin PBXGroup section */
		21131668B67BA1C721EF62BE /* Pods */ = {
			isa = PBXGroup;
			children = (
				98865B3252F99C7C8EA0AA30 /* Pods.debug.xcconfig */,
				2D567733709837B8402A3632 /* Pods.release.xcconfig */,
			);
			name = Pods;
			sourceTree = "<group>";
		};
		95F51F064673A5A61099C7E6 /* Frameworks */ = {
			isa = PBXGroup;
			children = (
				66FE1D9386EEEE1D56C655E3 /* libPods.a */,
			);
			name = Frameworks;
			sourceTree = "<group>";
		};
		9C6F558419F2F7F600EC5397 = {
			isa = PBXGroup;
			children = (
				9C6F558F19F2F7F600EC5397 /* Purple */,
				9C6F55A919F2F7F700EC5397 /* PurpleTests */,
				9C6F558E19F2F7F600EC5397 /* Products */,
				21131668B67BA1C721EF62BE /* Pods */,
				95F51F064673A5A61099C7E6 /* Frameworks */,
			);
			sourceTree = "<group>";
		};
		9C6F558E19F2F7F600EC5397 /* Products */ = {
			isa = PBXGroup;
			children = (
				9C6F558D19F2F7F600EC5397 /* Purple.app */,
				9C6F55A619F2F7F700EC5397 /* PurpleTests.xctest */,
			);
			name = Products;
			sourceTree = "<group>";
		};
		9C6F558F19F2F7F600EC5397 /* Purple */ = {
			isa = PBXGroup;
			children = (
				6DDF14D319F35F5D00888DCD /* CallScreenViewController.h */,
				6DDF14D419F35F5D00888DCD /* CallScreenViewController.m */,
				6DDF14D619F35F6A00888DCD /* LoginViewController.h */,
				6DDF14D719F35F6A00888DCD /* LoginViewController.m */,
				9C6F559419F2F7F600EC5397 /* AppDelegate.h */,
				9C6F559519F2F7F600EC5397 /* AppDelegate.m */,
				9C6F559719F2F7F600EC5397 /* ViewController.h */,
				9C6F559819F2F7F600EC5397 /* ViewController.m */,
				9C6F55EB19F310CA00EC5397 /* LoadingVC.h */,
				9C6F55EC19F310CA00EC5397 /* LoadingVC.m */,
				9C6F55EE19F3111800EC5397 /* TalkingVC.h */,
				9C6F55EF19F3111800EC5397 /* TalkingVC.m */,
				9C6F559A19F2F7F600EC5397 /* Main.storyboard */,
				9C670B1A19F3470600F87352 /* Test2VC.h */,
				9C670B1B19F3470600F87352 /* Test2VC.m */,
				9C670B1719F3457700F87352 /* TestVC.h */,
				9C670B1819F3457700F87352 /* TestVC.m */,
				9C6F55F119F32E4B00EC5397 /* picasion.com_eb8093563732c35145a5dfd6739af5e6.gif */,
				9C6F559D19F2F7F600EC5397 /* Images.xcassets */,
				9C320C2F19F39FC4002C9003 /* App Icon.png */,
				9C670B1D19F36AC600F87352 /* Parlay.png */,
				9C6F559F19F2F7F600EC5397 /* LaunchScreen.xib */,
				FBF978EE19F383B000E03123 /* libs */,
				9C6F559019F2F7F600EC5397 /* Supporting Files */,
			);
			path = Purple;
			sourceTree = "<group>";
		};
		9C6F559019F2F7F600EC5397 /* Supporting Files */ = {
			isa = PBXGroup;
			children = (
				9C6F559119F2F7F600EC5397 /* Info.plist */,
				9C6F559219F2F7F600EC5397 /* main.m */,
			);
			name = "Supporting Files";
			sourceTree = "<group>";
		};
		9C6F55A919F2F7F700EC5397 /* PurpleTests */ = {
			isa = PBXGroup;
			children = (
				9C6F55AC19F2F7F700EC5397 /* PurpleTests.m */,
				9C6F55AA19F2F7F700EC5397 /* Supporting Files */,
			);
			path = PurpleTests;
			sourceTree = "<group>";
		};
		9C6F55AA19F2F7F700EC5397 /* Supporting Files */ = {
			isa = PBXGroup;
			children = (
				9C6F55AB19F2F7F700EC5397 /* Info.plist */,
			);
			name = "Supporting Files";
			sourceTree = "<group>";
		};
		FBF978EE19F383B000E03123 /* libs */ = {
			isa = PBXGroup;
			children = (
				FBF978EF19F383B000E03123 /* PubNub */,
			);
			name = libs;
			path = "../../PubNubDemo/objective-c/iOS/HOWTO/HelloWorld/pubnubDemoExample/libs";
			sourceTree = "<group>";
		};
		FBF978EF19F383B000E03123 /* PubNub */ = {
			isa = PBXGroup;
			children = (
				FBF978F019F383B000E03123 /* Core */,
				FBF978F719F383B000E03123 /* Data */,
				FBF9795B19F383B000E03123 /* Misc */,
				FBF9798C19F383B000E03123 /* Network */,
				FBF979C719F383B000E03123 /* Resources */,
			);
			path = PubNub;
			sourceTree = "<group>";
		};
		FBF978F019F383B000E03123 /* Core */ = {
			isa = PBXGroup;
			children = (
				FBF978F119F383B000E03123 /* PNObservationCenter+Protected.h */,
				FBF978F219F383B000E03123 /* PNObservationCenter.h */,
				FBF978F319F383B000E03123 /* PNObservationCenter.m */,
				FBF978F419F383B000E03123 /* PubNub+Protected.h */,
				FBF978F519F383B000E03123 /* PubNub.h */,
				FBF978F619F383B000E03123 /* PubNub.m */,
			);
			path = Core;
			sourceTree = "<group>";
		};
		FBF978F719F383B000E03123 /* Data */ = {
			isa = PBXGroup;
			children = (
				FBF978F819F383B000E03123 /* Buffers */,
				FBF978FB19F383B000E03123 /* Channels */,
				FBF9790619F383B000E03123 /* Crypto */,
				FBF9790919F383B000E03123 /* Parsers */,
				FBF9792C19F383B000E03123 /* PNAccessRightOptions+Protected.h */,
				FBF9792D19F383B000E03123 /* PNAccessRightOptions.h */,
				FBF9792E19F383B000E03123 /* PNAccessRightOptions.m */,
				FBF9792F19F383B000E03123 /* PNAccessRightsCollection+Protected.h */,
				FBF9793019F383B000E03123 /* PNAccessRightsCollection.h */,
				FBF9793119F383B000E03123 /* PNAccessRightsCollection.m */,
				FBF9793219F383B000E03123 /* PNAccessRightsInformation+Protected.h */,
				FBF9793319F383B000E03123 /* PNAccessRightsInformation.h */,
				FBF9793419F383B000E03123 /* PNAccessRightsInformation.m */,
				FBF9793519F383B000E03123 /* PNCache.h */,
				FBF9793619F383B000E03123 /* PNCache.m */,
				FBF9793719F383B000E03123 /* PNChannelEvents+Protected.h */,
				FBF9793819F383B000E03123 /* PNChannelEvents.h */,
				FBF9793919F383B000E03123 /* PNChannelEvents.m */,
				FBF9793A19F383B000E03123 /* PNClient+Protected.h */,
				FBF9793B19F383B000E03123 /* PNClient.h */,
				FBF9793C19F383B000E03123 /* PNClient.m */,
				FBF9793D19F383B000E03123 /* PNConfiguration+Protected.h */,
				FBF9793E19F383B000E03123 /* PNConfiguration.h */,
				FBF9793F19F383B000E03123 /* PNConfiguration.m */,
				FBF9794019F383B000E03123 /* PNDate.h */,
				FBF9794119F383B000E03123 /* PNDate.m */,
				FBF9794219F383B000E03123 /* PNError+Protected.h */,
				FBF9794319F383B000E03123 /* PNError.h */,
				FBF9794419F383B000E03123 /* PNError.m */,
				FBF9794519F383B000E03123 /* PNHereNow+Protected.h */,
				FBF9794619F383B000E03123 /* PNHereNow.h */,
				FBF9794719F383B000E03123 /* PNHereNow.m */,
				FBF9794819F383B000E03123 /* PNJSONSerialization.h */,
				FBF9794919F383B000E03123 /* PNJSONSerialization.m */,
				FBF9794A19F383B000E03123 /* PNMessage+Protected.h */,
				FBF9794C19F383B000E03123 /* PNMessage.m */,
				FBF9794D19F383B000E03123 /* PNMessagesHistory+Protected.h */,
				FBF9794E19F383B000E03123 /* PNMessagesHistory.h */,
				FBF9794F19F383B000E03123 /* PNMessagesHistory.m */,
				FBF9795019F383B000E03123 /* PNOperationStatus+Protected.h */,
				FBF9795119F383B000E03123 /* PNOperationStatus.h */,
				FBF9795219F383B000E03123 /* PNOperationStatus.m */,
				FBF9795319F383B000E03123 /* PNRequestsQueue.h */,
				FBF9795419F383B000E03123 /* PNRequestsQueue.m */,
				FBF9795519F383B000E03123 /* PNResponse+Protected.h */,
				FBF9795619F383B000E03123 /* PNResponse.h */,
				FBF9795719F383B000E03123 /* PNResponse.m */,
				FBF9795819F383B000E03123 /* PNWhereNow+Protected.h */,
				FBF9795919F383B000E03123 /* PNWhereNow.h */,
				FBF9795A19F383B000E03123 /* PNWhereNow.m */,
			);
			path = Data;
			sourceTree = "<group>";
		};
		FBF978F819F383B000E03123 /* Buffers */ = {
			isa = PBXGroup;
			children = (
				FBF978F919F383B000E03123 /* PNWriteBuffer.h */,
				FBF978FA19F383B000E03123 /* PNWriteBuffer.m */,
			);
			path = Buffers;
			sourceTree = "<group>";
		};
		FBF978FB19F383B000E03123 /* Channels */ = {
			isa = PBXGroup;
			children = (
				FBF978FC19F383B000E03123 /* PNChannel+Protected.h */,
				FBF978FD19F383B000E03123 /* PNChannel.h */,
				FBF978FE19F383B000E03123 /* PNChannel.m */,
				FBF978FF19F383B000E03123 /* Presence */,
			);
			path = Channels;
			sourceTree = "<group>";
		};
		FBF978FF19F383B000E03123 /* Presence */ = {
			isa = PBXGroup;
			children = (
				FBF9790019F383B000E03123 /* PNChannelPresence+Protected.h */,
				FBF9790119F383B000E03123 /* PNChannelPresence.h */,
				FBF9790219F383B000E03123 /* PNChannelPresence.m */,
				FBF9790319F383B000E03123 /* PNPresenceEvent+Protected.h */,
				FBF9790419F383B000E03123 /* PNPresenceEvent.h */,
				FBF9790519F383B000E03123 /* PNPresenceEvent.m */,
			);
			path = Presence;
			sourceTree = "<group>";
		};
		FBF9790619F383B000E03123 /* Crypto */ = {
			isa = PBXGroup;
			children = (
				FBF9790719F383B000E03123 /* PNCryptoHelper.h */,
				FBF9790819F383B000E03123 /* PNCryptoHelper.m */,
			);
			path = Crypto;
			sourceTree = "<group>";
		};
		FBF9790919F383B000E03123 /* Parsers */ = {
			isa = PBXGroup;
			children = (
				FBF9790A19F383B000E03123 /* PNAccessRightsResponseParser+Protected.h */,
				FBF9790B19F383B000E03123 /* PNAccessRightsResponseParser.h */,
				FBF9790C19F383B000E03123 /* PNAccessRightsResponseParser.m */,
				FBF9790D19F383B000E03123 /* PNActionResponseParser+Protected.h */,
				FBF9790E19F383B000E03123 /* PNActionResponseParser.h */,
				FBF9790F19F383B000E03123 /* PNActionResponseParser.m */,
				FBF9791019F383B000E03123 /* PNChannelEventsResponseParser.h */,
				FBF9791119F383B000E03123 /* PNChannelEventsResponseParser.m */,
				FBF9791219F383B000E03123 /* PNChannelHistoryParser+Protected.h */,
				FBF9791319F383B000E03123 /* PNChannelHistoryParser.h */,
				FBF9791419F383B000E03123 /* PNChannelHistoryParser.m */,
				FBF9791519F383B000E03123 /* PNClientStateResponseParser.h */,
				FBF9791619F383B000E03123 /* PNClientStateResponseParser.m */,
				FBF9791719F383B000E03123 /* PNClientStateUpdateResponseParser.h */,
				FBF9791819F383B000E03123 /* PNClientStateUpdateResponseParser.m */,
				FBF9791919F383B000E03123 /* PNErrorResponseParser+Protected.h */,
				FBF9791A19F383B000E03123 /* PNErrorResponseParser.h */,
				FBF9791B19F383B000E03123 /* PNErrorResponseParser.m */,
				FBF9791C19F383B000E03123 /* PNHereNowResponseParser+Protected.h */,
				FBF9791D19F383B000E03123 /* PNHereNowResponseParser.h */,
				FBF9791E19F383B000E03123 /* PNHereNowResponseParser.m */,
				FBF9791F19F383B000E03123 /* PNOperationStatusResponseParser.h */,
				FBF9792019F383B000E03123 /* PNOperationStatusResponseParser.m */,
				FBF9792119F383B000E03123 /* PNPushNotificationsEnabledChannelsParser.h */,
				FBF9792219F383B000E03123 /* PNPushNotificationsEnabledChannelsParser.m */,
				FBF9792319F383B000E03123 /* PNResponseDeserialize.h */,
				FBF9792419F383B000E03123 /* PNResponseDeserialize.m */,
				FBF9792519F383B000E03123 /* PNResponseParser.h */,
				FBF9792619F383B000E03123 /* PNResponseParser.m */,
				FBF9792719F383B000E03123 /* PNTimeTokenResponseParser.h */,
				FBF9792819F383B000E03123 /* PNTimeTokenResponseParser.m */,
				FBF9792919F383B000E03123 /* PNWhereNowResponseParser+Protected.h */,
				FBF9792A19F383B000E03123 /* PNWhereNowResponseParser.h */,
				FBF9792B19F383B000E03123 /* PNWhereNowResponseParser.m */,
			);
			path = Parsers;
			sourceTree = "<group>";
		};
		FBF9795B19F383B000E03123 /* Misc */ = {
			isa = PBXGroup;
			children = (
				FBF9795C19F383B000E03123 /* Categories */,
				FBF9797319F383B000E03123 /* PNConstants.h */,
				FBF9797419F383B000E03123 /* PNDefaultConfiguration.h */,
				FBF9797519F383B000E03123 /* PNErrorCodes.h */,
				FBF9797619F383B000E03123 /* PNHelper.h */,
				FBF9797719F383B000E03123 /* PNHelper.m */,
				FBF9797819F383B000E03123 /* PNImports.h */,
				FBF9797919F383B000E03123 /* PNLogger+Protected.h */,
				FBF9797A19F383B000E03123 /* PNLogger.h */,
				FBF9797B19F383B000E03123 /* PNLogger.m */,
				FBF9797C19F383B000E03123 /* PNLoggerSymbols.h */,
				FBF9797D19F383B000E03123 /* PNMacro.h */,
				FBF9797E19F383B000E03123 /* PNNotifications.h */,
				FBF9797F19F383B000E03123 /* PNPrivateImports.h */,
				FBF9798019F383B000E03123 /* PNPrivateMacro.h */,
				FBF9798119F383B000E03123 /* PNRequestsImport.h */,
				FBF9798219F383B000E03123 /* PNServiceResponseCallbacks.h */,
				FBF9798319F383B000E03123 /* PNStructures.h */,
				FBF9798419F383B000E03123 /* Protocols */,
			);
			path = Misc;
			sourceTree = "<group>";
		};
		FBF9795C19F383B000E03123 /* Categories */ = {
			isa = PBXGroup;
			children = (
				FBF9795D19F383B000E03123 /* NSArray+PNAdditions.h */,
				FBF9795E19F383B000E03123 /* NSArray+PNAdditions.m */,
				FBF9795F19F383B000E03123 /* NSData+PNAdditions.h */,
				FBF9796019F383B000E03123 /* NSData+PNAdditions.m */,
				FBF9796119F383B000E03123 /* NSDate+PNAdditions.h */,
				FBF9796219F383B000E03123 /* NSDate+PNAdditions.m */,
				FBF9796319F383B000E03123 /* NSDictionary+PNAdditions.h */,
				FBF9796419F383B000E03123 /* NSDictionary+PNAdditions.m */,
				FBF9796519F383B000E03123 /* NSError+PNAdditions.h */,
				FBF9796619F383B000E03123 /* NSError+PNAdditions.m */,
				FBF9796719F383B000E03123 /* NSInvocation+PNAdditions.h */,
				FBF9796819F383B000E03123 /* NSInvocation+PNAdditions.m */,
				FBF9796919F383B000E03123 /* NSMutableArray+PNAdditions.h */,
				FBF9796A19F383B000E03123 /* NSMutableArray+PNAdditions.m */,
				FBF9796B19F383B000E03123 /* NSMutableSet+PNAdditions.h */,
				FBF9796C19F383B000E03123 /* NSMutableSet+PNAdditions.m */,
				FBF9796D19F383B000E03123 /* NSSet+PNAdditions.h */,
				FBF9796E19F383B000E03123 /* NSSet+PNAdditions.m */,
				FBF9796F19F383B000E03123 /* NSString+PNAddition.h */,
				FBF9797019F383B000E03123 /* NSString+PNAddition.m */,
				FBF9797119F383B000E03123 /* UIApplication+PNAdditions.h */,
				FBF9797219F383B000E03123 /* UIApplication+PNAdditions.m */,
			);
			path = Categories;
			sourceTree = "<group>";
		};
		FBF9798419F383B000E03123 /* Protocols */ = {
			isa = PBXGroup;
			children = (
				FBF9798519F383B000E03123 /* PNConnectionChannelDelegate.h */,
				FBF9798619F383B000E03123 /* PNConnectionDelegate.h */,
				FBF9798719F383B000E03123 /* PNDelegate.h */,
				FBF9798819F383B000E03123 /* PNMessageChannelDelegate.h */,
				FBF9798919F383B000E03123 /* PNRequestsQueueDelegate.h */,
				FBF9798A19F383B000E03123 /* PNResponseProtocol.h */,
				FBF9798B19F383B000E03123 /* PNServiceChannelDelegate.h */,
			);
			path = Protocols;
			sourceTree = "<group>";
		};
		FBF9798C19F383B000E03123 /* Network */ = {
			isa = PBXGroup;
			children = (
				FBF9798D19F383B000E03123 /* Packets */,
				FBF979B819F383B000E03123 /* PNMessagingChannel.h */,
				FBF979B919F383B000E03123 /* PNMessagingChannel.m */,
				FBF979BA19F383B000E03123 /* PNNetworkHelper.h */,
				FBF979BB19F383B000E03123 /* PNNetworkHelper.m */,
				FBF979BC19F383B000E03123 /* PNReachability.h */,
				FBF979BD19F383B000E03123 /* PNReachability.m */,
				FBF979BE19F383B000E03123 /* PNServiceChannel.h */,
				FBF979BF19F383B000E03123 /* PNServiceChannel.m */,
				FBF979C019F383B000E03123 /* Transport */,
			);
			path = Network;
			sourceTree = "<group>";
		};
		FBF9798D19F383B000E03123 /* Packets */ = {
			isa = PBXGroup;
			children = (
				FBF9798E19F383B000E03123 /* PNAccessRightsAuditRequest.h */,
				FBF9798F19F383B000E03123 /* PNAccessRightsAuditRequest.m */,
				FBF9799019F383B000E03123 /* PNBaseRequest+Protected.h */,
				FBF9799119F383B000E03123 /* PNBaseRequest.h */,
				FBF9799219F383B000E03123 /* PNBaseRequest.m */,
				FBF9799319F383B000E03123 /* PNChangeAccessRightsRequest.h */,
				FBF9799419F383B000E03123 /* PNChangeAccessRightsRequest.m */,
				FBF9799519F383B000E03123 /* PNClientStateRequest+Protected.h */,
				FBF9799619F383B000E03123 /* PNClientStateRequest.h */,
				FBF9799719F383B000E03123 /* PNClientStateRequest.m */,
				FBF9799819F383B000E03123 /* PNClientStateUpdateRequest+Protected.h */,
				FBF9799919F383B000E03123 /* PNClientStateUpdateRequest.h */,
				FBF9799A19F383B000E03123 /* PNClientStateUpdateRequest.m */,
				FBF9799B19F383B000E03123 /* PNHeartbeatRequest.h */,
				FBF9799C19F383B000E03123 /* PNHeartbeatRequest.m */,
				FBF9799D19F383B000E03123 /* PNHereNowRequest+Protected.h */,
				FBF9799E19F383B000E03123 /* PNHereNowRequest.h */,
				FBF9799F19F383B000E03123 /* PNHereNowRequest.m */,
				FBF979A019F383B000E03123 /* PNLatencyMeasureRequest.h */,
				FBF979A119F383B000E03123 /* PNLatencyMeasureRequest.m */,
				FBF979A219F383B000E03123 /* PNLeaveRequest+Protected.h */,
				FBF979A319F383B000E03123 /* PNLeaveRequest.h */,
				FBF979A419F383B000E03123 /* PNLeaveRequest.m */,
				FBF979A519F383B000E03123 /* PNMessageHistoryRequest+Protected.h */,
				FBF979A619F383B000E03123 /* PNMessageHistoryRequest.h */,
				FBF979A719F383B000E03123 /* PNMessageHistoryRequest.m */,
				FBF979A819F383B000E03123 /* PNMessagePostRequest+Protected.h */,
				FBF979A919F383B000E03123 /* PNMessagePostRequest.h */,
				FBF979AA19F383B000E03123 /* PNMessagePostRequest.m */,
				FBF979AB19F383B000E03123 /* PNPushNotificationsEnabledChannelsRequest.h */,
				FBF979AC19F383B000E03123 /* PNPushNotificationsEnabledChannelsRequest.m */,
				FBF979AD19F383B000E03123 /* PNPushNotificationsRemoveRequest.h */,
				FBF979AE19F383B000E03123 /* PNPushNotificationsRemoveRequest.m */,
				FBF979AF19F383B000E03123 /* PNPushNotificationsStateChangeRequest.h */,
				FBF979B019F383B000E03123 /* PNPushNotificationsStateChangeRequest.m */,
				FBF979B119F383B000E03123 /* PNSubscribeRequest+Protected.h */,
				FBF979B219F383B000E03123 /* PNSubscribeRequest.h */,
				FBF979B319F383B000E03123 /* PNSubscribeRequest.m */,
				FBF979B419F383B000E03123 /* PNTimeTokenRequest.h */,
				FBF979B519F383B000E03123 /* PNTimeTokenRequest.m */,
				FBF979B619F383B000E03123 /* PNWhereNowRequest.h */,
				FBF979B719F383B000E03123 /* PNWhereNowRequest.m */,
			);
			path = Packets;
			sourceTree = "<group>";
		};
		FBF979C019F383B000E03123 /* Transport */ = {
			isa = PBXGroup;
			children = (
				FBF979C119F383B000E03123 /* PNConnection+Protected.h */,
				FBF979C219F383B000E03123 /* PNConnection.h */,
				FBF979C319F383B000E03123 /* PNConnection.m */,
				FBF979C419F383B000E03123 /* PNConnectionChannel+Protected.h */,
				FBF979C519F383B000E03123 /* PNConnectionChannel.h */,
				FBF979C619F383B000E03123 /* PNConnectionChannel.m */,
			);
			path = Transport;
			sourceTree = "<group>";
		};
		FBF979C719F383B000E03123 /* Resources */ = {
			isa = PBXGroup;
			children = (
				FBF979C819F383B000E03123 /* PNLoggerSymbols.plist */,
			);
			path = Resources;
			sourceTree = "<group>";
		};
/* End PBXGroup section */

/* Begin PBXNativeTarget section */
		9C6F558C19F2F7F600EC5397 /* Purple */ = {
			isa = PBXNativeTarget;
			buildConfigurationList = 9C6F55B019F2F7F700EC5397 /* Build configuration list for PBXNativeTarget "Purple" */;
			buildPhases = (
				5113D5EE7C65453551FA36C3 /* Check Pods Manifest.lock */,
				9C6F558919F2F7F600EC5397 /* Sources */,
				9C6F558A19F2F7F600EC5397 /* Frameworks */,
				9C6F558B19F2F7F600EC5397 /* Resources */,
				3508D19AAD37CDD4A46F2140 /* Copy Pods Resources */,
			);
			buildRules = (
			);
			dependencies = (
			);
			name = Purple;
			productName = Purple;
			productReference = 9C6F558D19F2F7F600EC5397 /* Purple.app */;
			productType = "com.apple.product-type.application";
		};
		9C6F55A519F2F7F700EC5397 /* PurpleTests */ = {
			isa = PBXNativeTarget;
			buildConfigurationList = 9C6F55B319F2F7F700EC5397 /* Build configuration list for PBXNativeTarget "PurpleTests" */;
			buildPhases = (
				9C6F55A219F2F7F700EC5397 /* Sources */,
				9C6F55A319F2F7F700EC5397 /* Frameworks */,
				9C6F55A419F2F7F700EC5397 /* Resources */,
			);
			buildRules = (
			);
			dependencies = (
				9C6F55A819F2F7F700EC5397 /* PBXTargetDependency */,
			);
			name = PurpleTests;
			productName = PurpleTests;
			productReference = 9C6F55A619F2F7F700EC5397 /* PurpleTests.xctest */;
			productType = "com.apple.product-type.bundle.unit-test";
		};
/* End PBXNativeTarget section */

/* Begin PBXProject section */
		9C6F558519F2F7F600EC5397 /* Project object */ = {
			isa = PBXProject;
			attributes = {
				LastUpgradeCheck = 0600;
				ORGANIZATIONNAME = "Team Space";
				TargetAttributes = {
					9C6F558C19F2F7F600EC5397 = {
						CreatedOnToolsVersion = 6.0.1;
					};
					9C6F55A519F2F7F700EC5397 = {
						CreatedOnToolsVersion = 6.0.1;
						DevelopmentTeam = JP7JGNH77T;
						TestTargetID = 9C6F558C19F2F7F600EC5397;
					};
				};
			};
			buildConfigurationList = 9C6F558819F2F7F600EC5397 /* Build configuration list for PBXProject "Purple" */;
			compatibilityVersion = "Xcode 3.2";
			developmentRegion = English;
			hasScannedForEncodings = 0;
			knownRegions = (
				en,
				Base,
			);
			mainGroup = 9C6F558419F2F7F600EC5397;
			productRefGroup = 9C6F558E19F2F7F600EC5397 /* Products */;
			projectDirPath = "";
			projectRoot = "";
			targets = (
				9C6F558C19F2F7F600EC5397 /* Purple */,
				9C6F55A519F2F7F700EC5397 /* PurpleTests */,
			);
		};
/* End PBXProject section */

/* Begin PBXResourcesBuildPhase section */
		9C6F558B19F2F7F600EC5397 /* Resources */ = {
			isa = PBXResourcesBuildPhase;
			buildActionMask = 2147483647;
			files = (
				9C320C3019F39FC4002C9003 /* App Icon.png in Resources */,
				9C6F559C19F2F7F600EC5397 /* Main.storyboard in Resources */,
				9C6F55F219F32E4B00EC5397 /* picasion.com_eb8093563732c35145a5dfd6739af5e6.gif in Resources */,
				9C6F55A119F2F7F600EC5397 /* LaunchScreen.xib in Resources */,
				9C6F559E19F2F7F600EC5397 /* Images.xcassets in Resources */,
			);
			runOnlyForDeploymentPostprocessing = 0;
		};
		9C6F55A419F2F7F700EC5397 /* Resources */ = {
			isa = PBXResourcesBuildPhase;
			buildActionMask = 2147483647;
			files = (
			);
			runOnlyForDeploymentPostprocessing = 0;
		};
/* End PBXResourcesBuildPhase section */

/* Begin PBXShellScriptBuildPhase section */
		3508D19AAD37CDD4A46F2140 /* Copy Pods Resources */ = {
			isa = PBXShellScriptBuildPhase;
			buildActionMask = 2147483647;
			files = (
			);
			inputPaths = (
			);
			name = "Copy Pods Resources";
			outputPaths = (
			);
			runOnlyForDeploymentPostprocessing = 0;
			shellPath = /bin/sh;
			shellScript = "\"${SRCROOT}/Pods/Target Support Files/Pods/Pods-resources.sh\"\n";
			showEnvVarsInLog = 0;
		};
		5113D5EE7C65453551FA36C3 /* Check Pods Manifest.lock */ = {
			isa = PBXShellScriptBuildPhase;
			buildActionMask = 2147483647;
			files = (
			);
			inputPaths = (
			);
			name = "Check Pods Manifest.lock";
			outputPaths = (
			);
			runOnlyForDeploymentPostprocessing = 0;
			shellPath = /bin/sh;
			shellScript = "diff \"${PODS_ROOT}/../Podfile.lock\" \"${PODS_ROOT}/Manifest.lock\" > /dev/null\nif [[ $? != 0 ]] ; then\n    cat << EOM\nerror: The sandbox is not in sync with the Podfile.lock. Run 'pod install' or update your CocoaPods installation.\nEOM\n    exit 1\nfi\n";
			showEnvVarsInLog = 0;
		};
/* End PBXShellScriptBuildPhase section */

/* Begin PBXSourcesBuildPhase section */
		9C6F558919F2F7F600EC5397 /* Sources */ = {
			isa = PBXSourcesBuildPhase;
			buildActionMask = 2147483647;
			files = (
				9CAB4E2619F383C900F14B35 /* (null) in Sources */,
				9C6F559919F2F7F600EC5397 /* ViewController.m in Sources */,
				9C6F55F019F3111800EC5397 /* TalkingVC.m in Sources */,
				9C6F55ED19F310CA00EC5397 /* LoadingVC.m in Sources */,
				9C6F559619F2F7F600EC5397 /* AppDelegate.m in Sources */,
				6DDF14D819F35F6A00888DCD /* LoginViewController.m in Sources */,
				6DDF14D519F35F5D00888DCD /* CallScreenViewController.m in Sources */,
				9C6F559319F2F7F600EC5397 /* main.m in Sources */,
			);
			runOnlyForDeploymentPostprocessing = 0;
		};
		9C6F55A219F2F7F700EC5397 /* Sources */ = {
			isa = PBXSourcesBuildPhase;
			buildActionMask = 2147483647;
			files = (
				9C6F55AD19F2F7F700EC5397 /* PurpleTests.m in Sources */,
			);
			runOnlyForDeploymentPostprocessing = 0;
		};
/* End PBXSourcesBuildPhase section */

/* Begin PBXTargetDependency section */
		9C6F55A819F2F7F700EC5397 /* PBXTargetDependency */ = {
			isa = PBXTargetDependency;
			target = 9C6F558C19F2F7F600EC5397 /* Purple */;
			targetProxy = 9C6F55A719F2F7F700EC5397 /* PBXContainerItemProxy */;
		};
/* End PBXTargetDependency section */

/* Begin PBXVariantGroup section */
		9C6F559A19F2F7F600EC5397 /* Main.storyboard */ = {
			isa = PBXVariantGroup;
			children = (
				9C6F559B19F2F7F600EC5397 /* Base */,
			);
			name = Main.storyboard;
			sourceTree = "<group>";
		};
		9C6F559F19F2F7F600EC5397 /* LaunchScreen.xib */ = {
			isa = PBXVariantGroup;
			children = (
				9C6F55A019F2F7F600EC5397 /* Base */,
			);
			name = LaunchScreen.xib;
			sourceTree = "<group>";
		};
/* End PBXVariantGroup section */

/* Begin XCBuildConfiguration section */
		9C6F55AE19F2F7F700EC5397 /* Debug */ = {
			isa = XCBuildConfiguration;
			buildSettings = {
				ALWAYS_SEARCH_USER_PATHS = NO;
				CLANG_CXX_LANGUAGE_STANDARD = "gnu++0x";
				CLANG_CXX_LIBRARY = "libc++";
				CLANG_ENABLE_MODULES = YES;
				CLANG_ENABLE_OBJC_ARC = YES;
				CLANG_WARN_BOOL_CONVERSION = YES;
				CLANG_WARN_CONSTANT_CONVERSION = YES;
				CLANG_WARN_DIRECT_OBJC_ISA_USAGE = YES_ERROR;
				CLANG_WARN_EMPTY_BODY = YES;
				CLANG_WARN_ENUM_CONVERSION = YES;
				CLANG_WARN_INT_CONVERSION = YES;
				CLANG_WARN_OBJC_ROOT_CLASS = YES_ERROR;
				CLANG_WARN_UNREACHABLE_CODE = YES;
				CLANG_WARN__DUPLICATE_METHOD_MATCH = YES;
				CODE_SIGN_IDENTITY = "iPhone Developer: Blake T (CEXCT5FD45)";
				"CODE_SIGN_IDENTITY[sdk=iphoneos*]" = "iPhone Developer: Blake T (CEXCT5FD45)";
				COPY_PHASE_STRIP = NO;
				ENABLE_STRICT_OBJC_MSGSEND = YES;
				GCC_C_LANGUAGE_STANDARD = gnu99;
				GCC_DYNAMIC_NO_PIC = NO;
				GCC_OPTIMIZATION_LEVEL = 0;
				GCC_PREPROCESSOR_DEFINITIONS = (
					"DEBUG=1",
					"$(inherited)",
				);
				GCC_SYMBOLS_PRIVATE_EXTERN = NO;
				GCC_WARN_64_TO_32_BIT_CONVERSION = YES;
				GCC_WARN_ABOUT_RETURN_TYPE = YES_ERROR;
				GCC_WARN_UNDECLARED_SELECTOR = YES;
				GCC_WARN_UNINITIALIZED_AUTOS = YES_AGGRESSIVE;
				GCC_WARN_UNUSED_FUNCTION = YES;
				GCC_WARN_UNUSED_VARIABLE = YES;
				IPHONEOS_DEPLOYMENT_TARGET = 8.0;
				MTL_ENABLE_DEBUG_INFO = YES;
				ONLY_ACTIVE_ARCH = YES;
				PROVISIONING_PROFILE = "93f320ee-ebbb-474a-bdbb-8c75d4a0f85a";
				SDKROOT = iphoneos;
			};
			name = Debug;
		};
		9C6F55AF19F2F7F700EC5397 /* Release */ = {
			isa = XCBuildConfiguration;
			buildSettings = {
				ALWAYS_SEARCH_USER_PATHS = NO;
				CLANG_CXX_LANGUAGE_STANDARD = "gnu++0x";
				CLANG_CXX_LIBRARY = "libc++";
				CLANG_ENABLE_MODULES = YES;
				CLANG_ENABLE_OBJC_ARC = YES;
				CLANG_WARN_BOOL_CONVERSION = YES;
				CLANG_WARN_CONSTANT_CONVERSION = YES;
				CLANG_WARN_DIRECT_OBJC_ISA_USAGE = YES_ERROR;
				CLANG_WARN_EMPTY_BODY = YES;
				CLANG_WARN_ENUM_CONVERSION = YES;
				CLANG_WARN_INT_CONVERSION = YES;
				CLANG_WARN_OBJC_ROOT_CLASS = YES_ERROR;
				CLANG_WARN_UNREACHABLE_CODE = YES;
				CLANG_WARN__DUPLICATE_METHOD_MATCH = YES;
				CODE_SIGN_IDENTITY = "iPhone Developer: Blake T (CEXCT5FD45)";
				"CODE_SIGN_IDENTITY[sdk=iphoneos*]" = "iPhone Developer: Blake T (CEXCT5FD45)";
				COPY_PHASE_STRIP = YES;
				ENABLE_NS_ASSERTIONS = NO;
				ENABLE_STRICT_OBJC_MSGSEND = YES;
				GCC_C_LANGUAGE_STANDARD = gnu99;
				GCC_WARN_64_TO_32_BIT_CONVERSION = YES;
				GCC_WARN_ABOUT_RETURN_TYPE = YES_ERROR;
				GCC_WARN_UNDECLARED_SELECTOR = YES;
				GCC_WARN_UNINITIALIZED_AUTOS = YES_AGGRESSIVE;
				GCC_WARN_UNUSED_FUNCTION = YES;
				GCC_WARN_UNUSED_VARIABLE = YES;
				IPHONEOS_DEPLOYMENT_TARGET = 8.0;
				MTL_ENABLE_DEBUG_INFO = NO;
				PROVISIONING_PROFILE = "93f320ee-ebbb-474a-bdbb-8c75d4a0f85a";
				SDKROOT = iphoneos;
				VALIDATE_PRODUCT = YES;
			};
			name = Release;
		};
		9C6F55B119F2F7F700EC5397 /* Debug */ = {
			isa = XCBuildConfiguration;
			baseConfigurationReference = 98865B3252F99C7C8EA0AA30 /* Pods.debug.xcconfig */;
			buildSettings = {
				ASSETCATALOG_COMPILER_APPICON_NAME = AppIcon;
				CODE_SIGN_IDENTITY = "iPhone Developer: Blake T (CEXCT5FD45)";
				INFOPLIST_FILE = Purple/Info.plist;
				IPHONEOS_DEPLOYMENT_TARGET = 8.0;
				LD_RUNPATH_SEARCH_PATHS = "$(inherited) @executable_path/Frameworks";
				PRODUCT_NAME = "$(TARGET_NAME)";
			};
			name = Debug;
		};
		9C6F55B219F2F7F700EC5397 /* Release */ = {
			isa = XCBuildConfiguration;
			baseConfigurationReference = 2D567733709837B8402A3632 /* Pods.release.xcconfig */;
			buildSettings = {
				ASSETCATALOG_COMPILER_APPICON_NAME = AppIcon;
				CODE_SIGN_IDENTITY = "iPhone Developer: Blake T (CEXCT5FD45)";
				INFOPLIST_FILE = Purple/Info.plist;
				IPHONEOS_DEPLOYMENT_TARGET = 8.0;
				LD_RUNPATH_SEARCH_PATHS = "$(inherited) @executable_path/Frameworks";
				PRODUCT_NAME = "$(TARGET_NAME)";
			};
			name = Release;
		};
		9C6F55B419F2F7F700EC5397 /* Debug */ = {
			isa = XCBuildConfiguration;
			buildSettings = {
				BUNDLE_LOADER = "$(TEST_HOST)";
				CODE_SIGN_IDENTITY = "iPhone Developer: Blake T (CEXCT5FD45)";
				"CODE_SIGN_IDENTITY[sdk=iphoneos*]" = "iPhone Developer: Blake T (CEXCT5FD45)";
				FRAMEWORK_SEARCH_PATHS = (
					"$(SDKROOT)/Developer/Library/Frameworks",
					"$(inherited)",
				);
				GCC_PREPROCESSOR_DEFINITIONS = (
					"DEBUG=1",
					"$(inherited)",
				);
				INFOPLIST_FILE = PurpleTests/Info.plist;
				LD_RUNPATH_SEARCH_PATHS = "$(inherited) @executable_path/Frameworks @loader_path/Frameworks";
				PRODUCT_NAME = "$(TARGET_NAME)";
				PROVISIONING_PROFILE = "";
				TEST_HOST = "$(BUILT_PRODUCTS_DIR)/Purple.app/Purple";
			};
			name = Debug;
		};
		9C6F55B519F2F7F700EC5397 /* Release */ = {
			isa = XCBuildConfiguration;
			buildSettings = {
				BUNDLE_LOADER = "$(TEST_HOST)";
				CODE_SIGN_IDENTITY = "iPhone Developer: Blake T (CEXCT5FD45)";
				"CODE_SIGN_IDENTITY[sdk=iphoneos*]" = "iPhone Developer: Blake T (CEXCT5FD45)";
				FRAMEWORK_SEARCH_PATHS = (
					"$(SDKROOT)/Developer/Library/Frameworks",
					"$(inherited)",
				);
				INFOPLIST_FILE = PurpleTests/Info.plist;
				LD_RUNPATH_SEARCH_PATHS = "$(inherited) @executable_path/Frameworks @loader_path/Frameworks";
				PRODUCT_NAME = "$(TARGET_NAME)";
				PROVISIONING_PROFILE = "";
				TEST_HOST = "$(BUILT_PRODUCTS_DIR)/Purple.app/Purple";
			};
			name = Release;
		};
/* End XCBuildConfiguration section */

/* Begin XCConfigurationList section */
		9C6F558819F2F7F600EC5397 /* Build configuration list for PBXProject "Purple" */ = {
			isa = XCConfigurationList;
			buildConfigurations = (
				9C6F55AE19F2F7F700EC5397 /* Debug */,
				9C6F55AF19F2F7F700EC5397 /* Release */,
			);
			defaultConfigurationIsVisible = 0;
			defaultConfigurationName = Release;
		};
		9C6F55B019F2F7F700EC5397 /* Build configuration list for PBXNativeTarget "Purple" */ = {
			isa = XCConfigurationList;
			buildConfigurations = (
				9C6F55B119F2F7F700EC5397 /* Debug */,
				9C6F55B219F2F7F700EC5397 /* Release */,
			);
			defaultConfigurationIsVisible = 0;
			defaultConfigurationName = Release;
		};
		9C6F55B319F2F7F700EC5397 /* Build configuration list for PBXNativeTarget "PurpleTests" */ = {
			isa = XCConfigurationList;
			buildConfigurations = (
				9C6F55B419F2F7F700EC5397 /* Debug */,
				9C6F55B519F2F7F700EC5397 /* Release */,
			);
			defaultConfigurationIsVisible = 0;
			defaultConfigurationName = Release;
		};
/* End XCConfigurationList section */
	};
	rootObject = 9C6F558519F2F7F600EC5397 /* Project object */;
}
